// !$*UTF8*$!
{
	archiveVersion = 1;
	classes = {
	};
	objectVersion = 45;
	objects = {

/* Begin PBXBuildFile section */
		140293F31AE634EE004BD9B9 /* vehi.cpp in Sources */ = {isa = PBXBuildFile; fileRef = 140293F11AE634EE004BD9B9 /* vehi.cpp */; };
		142158301AE4FA170068557B /* alpha.cpp in Sources */ = {isa = PBXBuildFile; fileRef = 142158181AE4FA170068557B /* alpha.cpp */; };
		142158311AE4FA170068557B /* clusterfit.cpp in Sources */ = {isa = PBXBuildFile; fileRef = 1421581A1AE4FA170068557B /* clusterfit.cpp */; };
		142158321AE4FA170068557B /* colourblock.cpp in Sources */ = {isa = PBXBuildFile; fileRef = 1421581C1AE4FA170068557B /* colourblock.cpp */; };
		142158331AE4FA170068557B /* colourfit.cpp in Sources */ = {isa = PBXBuildFile; fileRef = 1421581E1AE4FA170068557B /* colourfit.cpp */; };
		142158341AE4FA170068557B /* colourset.cpp in Sources */ = {isa = PBXBuildFile; fileRef = 142158201AE4FA170068557B /* colourset.cpp */; };
		142158351AE4FA170068557B /* maths.cpp in Sources */ = {isa = PBXBuildFile; fileRef = 142158231AE4FA170068557B /* maths.cpp */; };
		142158361AE4FA170068557B /* rangefit.cpp in Sources */ = {isa = PBXBuildFile; fileRef = 142158251AE4FA170068557B /* rangefit.cpp */; };
		142158371AE4FA170068557B /* singlecolourfit.cpp in Sources */ = {isa = PBXBuildFile; fileRef = 1421582B1AE4FA170068557B /* singlecolourfit.cpp */; };
		142158381AE4FA170068557B /* singlecolourlookup.inl in Resources */ = {isa = PBXBuildFile; fileRef = 1421582D1AE4FA170068557B /* singlecolourlookup.inl */; };
		142158391AE4FA170068557B /* squish.cpp in Sources */ = {isa = PBXBuildFile; fileRef = 1421582E1AE4FA170068557B /* squish.cpp */; };
		14272D041AE5B05B002A64A5 /* camera.cpp in Sources */ = {isa = PBXBuildFile; fileRef = 14272CDE1AE5B05B002A64A5 /* camera.cpp */; };
		14272D051AE5B05B002A64A5 /* vector3d.cpp in Sources */ = {isa = PBXBuildFile; fileRef = 14272CE01AE5B05B002A64A5 /* vector3d.cpp */; };
		14272D061AE5B05B002A64A5 /* render.cpp in Sources */ = {isa = PBXBuildFile; fileRef = 14272CE21AE5B05B002A64A5 /* render.cpp */; };
		14272D071AE5B05B002A64A5 /* bsp.cpp in Sources */ = {isa = PBXBuildFile; fileRef = 14272CE51AE5B05B002A64A5 /* bsp.cpp */; };
		14272D081AE5B05B002A64A5 /* model.cpp in Sources */ = {isa = PBXBuildFile; fileRef = 14272CE71AE5B05B002A64A5 /* model.cpp */; };
		14272D091AE5B05B002A64A5 /* object.cpp in Sources */ = {isa = PBXBuildFile; fileRef = 14272CE91AE5B05B002A64A5 /* object.cpp */; };
		14272D0A1AE5B05B002A64A5 /* scen.cpp in Sources */ = {isa = PBXBuildFile; fileRef = 14272CEC1AE5B05B002A64A5 /* scen.cpp */; };
		14272D0B1AE5B05B002A64A5 /* shader.cpp in Sources */ = {isa = PBXBuildFile; fileRef = 14272CEF1AE5B05B002A64A5 /* shader.cpp */; };
		14272D0C1AE5B05B002A64A5 /* schi.frag in Resources */ = {isa = PBXBuildFile; fileRef = 14272CF31AE5B05B002A64A5 /* schi.frag */; };
		14272D0D1AE5B05B002A64A5 /* schi.vert in Resources */ = {isa = PBXBuildFile; fileRef = 14272CF41AE5B05B002A64A5 /* schi.vert */; };
		14272D0E1AE5B05B002A64A5 /* senv.frag in Resources */ = {isa = PBXBuildFile; fileRef = 14272CF51AE5B05B002A64A5 /* senv.frag */; };
		14272D0F1AE5B05B002A64A5 /* senv.vert in Resources */ = {isa = PBXBuildFile; fileRef = 14272CF61AE5B05B002A64A5 /* senv.vert */; };
		14272D101AE5B05B002A64A5 /* soso.frag in Resources */ = {isa = PBXBuildFile; fileRef = 14272CF71AE5B05B002A64A5 /* soso.frag */; };
		14272D111AE5B05B002A64A5 /* soso.vert in Resources */ = {isa = PBXBuildFile; fileRef = 14272CF81AE5B05B002A64A5 /* soso.vert */; };
		14272D121AE5B05B002A64A5 /* schi.cpp in Sources */ = {isa = PBXBuildFile; fileRef = 14272CF91AE5B05B002A64A5 /* schi.cpp */; };
		14272D131AE5B05B002A64A5 /* senv.cpp in Sources */ = {isa = PBXBuildFile; fileRef = 14272CFB1AE5B05B002A64A5 /* senv.cpp */; };
		14272D141AE5B05B002A64A5 /* soso.cpp in Sources */ = {isa = PBXBuildFile; fileRef = 14272CFD1AE5B05B002A64A5 /* soso.cpp */; };
		14272D151AE5B05B002A64A5 /* bitmaps.cpp in Sources */ = {isa = PBXBuildFile; fileRef = 14272D001AE5B05B002A64A5 /* bitmaps.cpp */; };
		14272D161AE5B05B002A64A5 /* texture.cpp in Sources */ = {isa = PBXBuildFile; fileRef = 14272D021AE5B05B002A64A5 /* texture.cpp */; };
		1436196F1AE3982200D82AC8 /* GLUT.framework in Frameworks */ = {isa = PBXBuildFile; fileRef = 1436196E1AE3982200D82AC8 /* GLUT.framework */; };
		145A96C61AE79A97001CCEBA /* itmc.cpp in Sources */ = {isa = PBXBuildFile; fileRef = 145A96C41AE79A97001CCEBA /* itmc.cpp */; };
		145A96C91AE79E55001CCEBA /* null.cpp in Sources */ = {isa = PBXBuildFile; fileRef = 145A96C71AE79E55001CCEBA /* null.cpp */; };
		145A96CC1AE79E5B001CCEBA /* null.frag in Resources */ = {isa = PBXBuildFile; fileRef = 145A96CA1AE79E5B001CCEBA /* null.frag */; };
		145A96CD1AE79E5B001CCEBA /* null.vert in Resources */ = {isa = PBXBuildFile; fileRef = 145A96CB1AE79E5B001CCEBA /* null.vert */; };
		14ADF3B11AE32F9000818134 /* AppDelegate.mm in Sources */ = {isa = PBXBuildFile; fileRef = 14ADF3B01AE32F9000818134 /* AppDelegate.mm */; };
		14ADF3B31AE32F9000818134 /* main.m in Sources */ = {isa = PBXBuildFile; fileRef = 14ADF3B21AE32F9000818134 /* main.m */; };
		14ADF3B61AE32F9000818134 /* Document.m in Sources */ = {isa = PBXBuildFile; fileRef = 14ADF3B51AE32F9000818134 /* Document.m */; };
		14ADF3B91AE32F9000818134 /* Document.xib in Resources */ = {isa = PBXBuildFile; fileRef = 14ADF3B71AE32F9000818134 /* Document.xib */; };
		14ADF3BB1AE32F9000818134 /* Images.xcassets in Resources */ = {isa = PBXBuildFile; fileRef = 14ADF3BA1AE32F9000818134 /* Images.xcassets */; };
		14ADF3BE1AE32F9000818134 /* MainMenu.xib in Resources */ = {isa = PBXBuildFile; fileRef = 14ADF3BC1AE32F9000818134 /* MainMenu.xib */; };
		14ADF3CA1AE32F9100818134 /* ElectronTests.m in Sources */ = {isa = PBXBuildFile; fileRef = 14ADF3C91AE32F9100818134 /* ElectronTests.m */; };
		14ADF3DE1AE32FC200818134 /* ProtonCacheFile.cpp in Sources */ = {isa = PBXBuildFile; fileRef = 14ADF3D41AE32FC200818134 /* ProtonCacheFile.cpp */; };
		14ADF3DF1AE32FC200818134 /* ProtonMap.cpp in Sources */ = {isa = PBXBuildFile; fileRef = 14ADF3D61AE32FC200818134 /* ProtonMap.cpp */; };
		14ADF3E01AE32FC200818134 /* ProtonTag.cpp in Sources */ = {isa = PBXBuildFile; fileRef = 14ADF3D81AE32FC200818134 /* ProtonTag.cpp */; };
		14ADF3E11AE32FC200818134 /* ProtonTagArray.cpp in Sources */ = {isa = PBXBuildFile; fileRef = 14ADF3DA1AE32FC200818134 /* ProtonTagArray.cpp */; };
		14ADF3E21AE32FC200818134 /* ProtonTagDependency.cpp in Sources */ = {isa = PBXBuildFile; fileRef = 14ADF3DC1AE32FC200818134 /* ProtonTagDependency.cpp */; };
		14ADF3F01AE3312D00818134 /* ERenderView.mm in Sources */ = {isa = PBXBuildFile; fileRef = 14ADF3EF1AE3312D00818134 /* ERenderView.mm */; };
		14ADF3F61AE3367000818134 /* OpenGL.framework in Frameworks */ = {isa = PBXBuildFile; fileRef = 14ADF3F51AE3367000818134 /* OpenGL.framework */; };
		14CAB2131AE35FD30093603A /* HaloData.cpp in Sources */ = {isa = PBXBuildFile; fileRef = 14ADF3E31AE32FC700818134 /* HaloData.cpp */; };
		14DA18BD1AEBA9A60064D9B6 /* swat.cpp in Sources */ = {isa = PBXBuildFile; fileRef = 14DA18BB1AEBA9A60064D9B6 /* swat.cpp */; };
		14DA18C01AEBA9AD0064D9B6 /* sgla.cpp in Sources */ = {isa = PBXBuildFile; fileRef = 14DA18BE1AEBA9AD0064D9B6 /* sgla.cpp */; };
		14DA18C31AEBAAEE0064D9B6 /* sgla.frag in Resources */ = {isa = PBXBuildFile; fileRef = 14DA18C11AEBAAEE0064D9B6 /* sgla.frag */; };
		14DA18C41AEBAAEE0064D9B6 /* sgla.vert in Resources */ = {isa = PBXBuildFile; fileRef = 14DA18C21AEBAAEE0064D9B6 /* sgla.vert */; };
		14DA18C71AEBAAF30064D9B6 /* swat.frag in Resources */ = {isa = PBXBuildFile; fileRef = 14DA18C51AEBAAF30064D9B6 /* swat.frag */; };
		14DA18C81AEBAAF30064D9B6 /* swat.vert in Resources */ = {isa = PBXBuildFile; fileRef = 14DA18C61AEBAAF30064D9B6 /* swat.vert */; };
		14DA18CE1AEBB20A0064D9B6 /* scex.frag in Resources */ = {isa = PBXBuildFile; fileRef = 14DA18CC1AEBB20A0064D9B6 /* scex.frag */; };
		14DA18CF1AEBB20A0064D9B6 /* scex.vert in Resources */ = {isa = PBXBuildFile; fileRef = 14DA18CD1AEBB20A0064D9B6 /* scex.vert */; };
		14DA18D11AEBB25E0064D9B6 /* scex.cpp in Sources */ = {isa = PBXBuildFile; fileRef = 14DA18D01AEBB25E0064D9B6 /* scex.cpp */; };
/* End PBXBuildFile section */

/* Begin PBXContainerItemProxy section */
		14ADF3C41AE32F9000818134 /* PBXContainerItemProxy */ = {
			isa = PBXContainerItemProxy;
			containerPortal = 14ADF3A21AE32F9000818134 /* Project object */;
			proxyType = 1;
			remoteGlobalIDString = 14ADF3A91AE32F9000818134;
			remoteInfo = Electron;
		};
/* End PBXContainerItemProxy section */

/* Begin PBXFileReference section */
		140293F11AE634EE004BD9B9 /* vehi.cpp */ = {isa = PBXFileReference; fileEncoding = 4; lastKnownFileType = sourcecode.cpp.cpp; path = vehi.cpp; sourceTree = "<group>"; };
		140293F21AE634EE004BD9B9 /* vehi.h */ = {isa = PBXFileReference; fileEncoding = 4; lastKnownFileType = sourcecode.c.h; path = vehi.h; sourceTree = "<group>"; };
		142158181AE4FA170068557B /* alpha.cpp */ = {isa = PBXFileReference; fileEncoding = 4; lastKnownFileType = sourcecode.cpp.cpp; path = alpha.cpp; sourceTree = "<group>"; };
		142158191AE4FA170068557B /* alpha.h */ = {isa = PBXFileReference; fileEncoding = 4; lastKnownFileType = sourcecode.c.h; path = alpha.h; sourceTree = "<group>"; };
		1421581A1AE4FA170068557B /* clusterfit.cpp */ = {isa = PBXFileReference; fileEncoding = 4; lastKnownFileType = sourcecode.cpp.cpp; path = clusterfit.cpp; sourceTree = "<group>"; };
		1421581B1AE4FA170068557B /* clusterfit.h */ = {isa = PBXFileReference; fileEncoding = 4; lastKnownFileType = sourcecode.c.h; path = clusterfit.h; sourceTree = "<group>"; };
		1421581C1AE4FA170068557B /* colourblock.cpp */ = {isa = PBXFileReference; fileEncoding = 4; lastKnownFileType = sourcecode.cpp.cpp; path = colourblock.cpp; sourceTree = "<group>"; };
		1421581D1AE4FA170068557B /* colourblock.h */ = {isa = PBXFileReference; fileEncoding = 4; lastKnownFileType = sourcecode.c.h; path = colourblock.h; sourceTree = "<group>"; };
		1421581E1AE4FA170068557B /* colourfit.cpp */ = {isa = PBXFileReference; fileEncoding = 4; lastKnownFileType = sourcecode.cpp.cpp; path = colourfit.cpp; sourceTree = "<group>"; };
		1421581F1AE4FA170068557B /* colourfit.h */ = {isa = PBXFileReference; fileEncoding = 4; lastKnownFileType = sourcecode.c.h; path = colourfit.h; sourceTree = "<group>"; };
		142158201AE4FA170068557B /* colourset.cpp */ = {isa = PBXFileReference; fileEncoding = 4; lastKnownFileType = sourcecode.cpp.cpp; path = colourset.cpp; sourceTree = "<group>"; };
		142158211AE4FA170068557B /* colourset.h */ = {isa = PBXFileReference; fileEncoding = 4; lastKnownFileType = sourcecode.c.h; path = colourset.h; sourceTree = "<group>"; };
		142158221AE4FA170068557B /* config.h */ = {isa = PBXFileReference; fileEncoding = 4; lastKnownFileType = sourcecode.c.h; path = config.h; sourceTree = "<group>"; };
		142158231AE4FA170068557B /* maths.cpp */ = {isa = PBXFileReference; fileEncoding = 4; lastKnownFileType = sourcecode.cpp.cpp; path = maths.cpp; sourceTree = "<group>"; };
		142158241AE4FA170068557B /* maths.h */ = {isa = PBXFileReference; fileEncoding = 4; lastKnownFileType = sourcecode.c.h; path = maths.h; sourceTree = "<group>"; };
		142158251AE4FA170068557B /* rangefit.cpp */ = {isa = PBXFileReference; fileEncoding = 4; lastKnownFileType = sourcecode.cpp.cpp; path = rangefit.cpp; sourceTree = "<group>"; };
		142158261AE4FA170068557B /* rangefit.h */ = {isa = PBXFileReference; fileEncoding = 4; lastKnownFileType = sourcecode.c.h; path = rangefit.h; sourceTree = "<group>"; };
		142158271AE4FA170068557B /* simd.h */ = {isa = PBXFileReference; fileEncoding = 4; lastKnownFileType = sourcecode.c.h; path = simd.h; sourceTree = "<group>"; };
		142158281AE4FA170068557B /* simd_float.h */ = {isa = PBXFileReference; fileEncoding = 4; lastKnownFileType = sourcecode.c.h; path = simd_float.h; sourceTree = "<group>"; };
		142158291AE4FA170068557B /* simd_sse.h */ = {isa = PBXFileReference; fileEncoding = 4; lastKnownFileType = sourcecode.c.h; path = simd_sse.h; sourceTree = "<group>"; };
		1421582A1AE4FA170068557B /* simd_ve.h */ = {isa = PBXFileReference; fileEncoding = 4; lastKnownFileType = sourcecode.c.h; path = simd_ve.h; sourceTree = "<group>"; };
		1421582B1AE4FA170068557B /* singlecolourfit.cpp */ = {isa = PBXFileReference; fileEncoding = 4; lastKnownFileType = sourcecode.cpp.cpp; path = singlecolourfit.cpp; sourceTree = "<group>"; };
		1421582C1AE4FA170068557B /* singlecolourfit.h */ = {isa = PBXFileReference; fileEncoding = 4; lastKnownFileType = sourcecode.c.h; path = singlecolourfit.h; sourceTree = "<group>"; };
		1421582D1AE4FA170068557B /* singlecolourlookup.inl */ = {isa = PBXFileReference; fileEncoding = 4; lastKnownFileType = text; path = singlecolourlookup.inl; sourceTree = "<group>"; };
		1421582E1AE4FA170068557B /* squish.cpp */ = {isa = PBXFileReference; fileEncoding = 4; lastKnownFileType = sourcecode.cpp.cpp; path = squish.cpp; sourceTree = "<group>"; };
		1421582F1AE4FA170068557B /* squish.h */ = {isa = PBXFileReference; fileEncoding = 4; lastKnownFileType = sourcecode.c.h; path = squish.h; sourceTree = "<group>"; };
		14272CDE1AE5B05B002A64A5 /* camera.cpp */ = {isa = PBXFileReference; fileEncoding = 4; lastKnownFileType = sourcecode.cpp.cpp; path = camera.cpp; sourceTree = "<group>"; };
		14272CDF1AE5B05B002A64A5 /* camera.h */ = {isa = PBXFileReference; fileEncoding = 4; lastKnownFileType = sourcecode.c.h; path = camera.h; sourceTree = "<group>"; };
		14272CE01AE5B05B002A64A5 /* vector3d.cpp */ = {isa = PBXFileReference; fileEncoding = 4; lastKnownFileType = sourcecode.cpp.cpp; path = vector3d.cpp; sourceTree = "<group>"; };
		14272CE11AE5B05B002A64A5 /* vector3d.h */ = {isa = PBXFileReference; fileEncoding = 4; lastKnownFileType = sourcecode.c.h; path = vector3d.h; sourceTree = "<group>"; };
		14272CE21AE5B05B002A64A5 /* render.cpp */ = {isa = PBXFileReference; fileEncoding = 4; lastKnownFileType = sourcecode.cpp.cpp; path = render.cpp; sourceTree = "<group>"; };
		14272CE31AE5B05B002A64A5 /* render.h */ = {isa = PBXFileReference; fileEncoding = 4; lastKnownFileType = sourcecode.c.h; path = render.h; sourceTree = "<group>"; };
		14272CE51AE5B05B002A64A5 /* bsp.cpp */ = {isa = PBXFileReference; fileEncoding = 4; lastKnownFileType = sourcecode.cpp.cpp; path = bsp.cpp; sourceTree = "<group>"; };
		14272CE61AE5B05B002A64A5 /* bsp.h */ = {isa = PBXFileReference; fileEncoding = 4; lastKnownFileType = sourcecode.c.h; path = bsp.h; sourceTree = "<group>"; };
		14272CE71AE5B05B002A64A5 /* model.cpp */ = {isa = PBXFileReference; fileEncoding = 4; lastKnownFileType = sourcecode.cpp.cpp; path = model.cpp; sourceTree = "<group>"; };
		14272CE81AE5B05B002A64A5 /* model.h */ = {isa = PBXFileReference; fileEncoding = 4; lastKnownFileType = sourcecode.c.h; path = model.h; sourceTree = "<group>"; };
		14272CE91AE5B05B002A64A5 /* object.cpp */ = {isa = PBXFileReference; fileEncoding = 4; lastKnownFileType = sourcecode.cpp.cpp; path = object.cpp; sourceTree = "<group>"; };
		14272CEA1AE5B05B002A64A5 /* object.h */ = {isa = PBXFileReference; fileEncoding = 4; lastKnownFileType = sourcecode.c.h; path = object.h; sourceTree = "<group>"; };
		14272CEC1AE5B05B002A64A5 /* scen.cpp */ = {isa = PBXFileReference; fileEncoding = 4; lastKnownFileType = sourcecode.cpp.cpp; path = scen.cpp; sourceTree = "<group>"; };
		14272CED1AE5B05B002A64A5 /* scen.h */ = {isa = PBXFileReference; fileEncoding = 4; lastKnownFileType = sourcecode.c.h; path = scen.h; sourceTree = "<group>"; };
		14272CEF1AE5B05B002A64A5 /* shader.cpp */ = {isa = PBXFileReference; fileEncoding = 4; lastKnownFileType = sourcecode.cpp.cpp; path = shader.cpp; sourceTree = "<group>"; };
		14272CF01AE5B05B002A64A5 /* shader.h */ = {isa = PBXFileReference; fileEncoding = 4; lastKnownFileType = sourcecode.c.h; path = shader.h; sourceTree = "<group>"; };
		14272CF31AE5B05B002A64A5 /* schi.frag */ = {isa = PBXFileReference; fileEncoding = 4; lastKnownFileType = sourcecode.glsl; path = schi.frag; sourceTree = "<group>"; };
		14272CF41AE5B05B002A64A5 /* schi.vert */ = {isa = PBXFileReference; fileEncoding = 4; lastKnownFileType = sourcecode.glsl; path = schi.vert; sourceTree = "<group>"; };
		14272CF51AE5B05B002A64A5 /* senv.frag */ = {isa = PBXFileReference; fileEncoding = 4; lastKnownFileType = sourcecode.glsl; path = senv.frag; sourceTree = "<group>"; };
		14272CF61AE5B05B002A64A5 /* senv.vert */ = {isa = PBXFileReference; fileEncoding = 4; lastKnownFileType = sourcecode.glsl; path = senv.vert; sourceTree = "<group>"; };
		14272CF71AE5B05B002A64A5 /* soso.frag */ = {isa = PBXFileReference; fileEncoding = 4; lastKnownFileType = sourcecode.glsl; path = soso.frag; sourceTree = "<group>"; };
		14272CF81AE5B05B002A64A5 /* soso.vert */ = {isa = PBXFileReference; fileEncoding = 4; lastKnownFileType = sourcecode.glsl; path = soso.vert; sourceTree = "<group>"; };
		14272CF91AE5B05B002A64A5 /* schi.cpp */ = {isa = PBXFileReference; fileEncoding = 4; lastKnownFileType = sourcecode.cpp.cpp; path = schi.cpp; sourceTree = "<group>"; };
		14272CFA1AE5B05B002A64A5 /* schi.h */ = {isa = PBXFileReference; fileEncoding = 4; lastKnownFileType = sourcecode.c.h; path = schi.h; sourceTree = "<group>"; };
		14272CFB1AE5B05B002A64A5 /* senv.cpp */ = {isa = PBXFileReference; fileEncoding = 4; lastKnownFileType = sourcecode.cpp.cpp; path = senv.cpp; sourceTree = "<group>"; };
		14272CFC1AE5B05B002A64A5 /* senv.h */ = {isa = PBXFileReference; fileEncoding = 4; lastKnownFileType = sourcecode.c.h; path = senv.h; sourceTree = "<group>"; };
		14272CFD1AE5B05B002A64A5 /* soso.cpp */ = {isa = PBXFileReference; fileEncoding = 4; lastKnownFileType = sourcecode.cpp.cpp; path = soso.cpp; sourceTree = "<group>"; };
		14272CFE1AE5B05B002A64A5 /* soso.h */ = {isa = PBXFileReference; fileEncoding = 4; lastKnownFileType = sourcecode.c.h; path = soso.h; sourceTree = "<group>"; };
		14272D001AE5B05B002A64A5 /* bitmaps.cpp */ = {isa = PBXFileReference; fileEncoding = 4; lastKnownFileType = sourcecode.cpp.cpp; path = bitmaps.cpp; sourceTree = "<group>"; };
		14272D011AE5B05B002A64A5 /* bitmaps.h */ = {isa = PBXFileReference; fileEncoding = 4; lastKnownFileType = sourcecode.c.h; path = bitmaps.h; sourceTree = "<group>"; };
		14272D021AE5B05B002A64A5 /* texture.cpp */ = {isa = PBXFileReference; fileEncoding = 4; lastKnownFileType = sourcecode.cpp.cpp; path = texture.cpp; sourceTree = "<group>"; };
		14272D031AE5B05B002A64A5 /* texture.h */ = {isa = PBXFileReference; fileEncoding = 4; lastKnownFileType = sourcecode.c.h; path = texture.h; sourceTree = "<group>"; };
		14272D181AE5BA30002A64A5 /* ZZTHaloObjectTag.h */ = {isa = PBXFileReference; fileEncoding = 4; lastKnownFileType = sourcecode.c.h; path = ZZTHaloObjectTag.h; sourceTree = "<group>"; };
		14272D191AE5BA30002A64A5 /* ZZTHaloScenarioTag.h */ = {isa = PBXFileReference; fileEncoding = 4; lastKnownFileType = sourcecode.c.h; path = ZZTHaloScenarioTag.h; sourceTree = "<group>"; };
		1436196E1AE3982200D82AC8 /* GLUT.framework */ = {isa = PBXFileReference; lastKnownFileType = wrapper.framework; name = GLUT.framework; path = System/Library/Frameworks/GLUT.framework; sourceTree = SDKROOT; };
		143619771AE39B3C00D82AC8 /* defines.h */ = {isa = PBXFileReference; lastKnownFileType = sourcecode.c.h; name = defines.h; path = ../../OpenGL/defines.h; sourceTree = "<group>"; };
		145A96C41AE79A97001CCEBA /* itmc.cpp */ = {isa = PBXFileReference; fileEncoding = 4; lastKnownFileType = sourcecode.cpp.cpp; path = itmc.cpp; sourceTree = "<group>"; };
		145A96C51AE79A97001CCEBA /* itmc.h */ = {isa = PBXFileReference; fileEncoding = 4; lastKnownFileType = sourcecode.c.h; path = itmc.h; sourceTree = "<group>"; };
		145A96C71AE79E55001CCEBA /* null.cpp */ = {isa = PBXFileReference; fileEncoding = 4; lastKnownFileType = sourcecode.cpp.cpp; path = null.cpp; sourceTree = "<group>"; };
		145A96C81AE79E55001CCEBA /* null.h */ = {isa = PBXFileReference; fileEncoding = 4; lastKnownFileType = sourcecode.c.h; path = null.h; sourceTree = "<group>"; };
		145A96CA1AE79E5B001CCEBA /* null.frag */ = {isa = PBXFileReference; fileEncoding = 4; lastKnownFileType = sourcecode.glsl; path = null.frag; sourceTree = "<group>"; };
		145A96CB1AE79E5B001CCEBA /* null.vert */ = {isa = PBXFileReference; fileEncoding = 4; lastKnownFileType = sourcecode.glsl; path = null.vert; sourceTree = "<group>"; };
		14ADF3AA1AE32F9000818134 /* Electron.app */ = {isa = PBXFileReference; explicitFileType = wrapper.application; includeInIndex = 0; path = Electron.app; sourceTree = BUILT_PRODUCTS_DIR; };
		14ADF3AE1AE32F9000818134 /* Info.plist */ = {isa = PBXFileReference; lastKnownFileType = text.plist.xml; path = Info.plist; sourceTree = "<group>"; };
		14ADF3AF1AE32F9000818134 /* AppDelegate.h */ = {isa = PBXFileReference; lastKnownFileType = sourcecode.c.h; path = AppDelegate.h; sourceTree = "<group>"; };
		14ADF3B01AE32F9000818134 /* AppDelegate.mm */ = {isa = PBXFileReference; lastKnownFileType = sourcecode.cpp.objcpp; path = AppDelegate.mm; sourceTree = "<group>"; };
		14ADF3B21AE32F9000818134 /* main.m */ = {isa = PBXFileReference; lastKnownFileType = sourcecode.c.objc; path = main.m; sourceTree = "<group>"; };
		14ADF3B41AE32F9000818134 /* Document.h */ = {isa = PBXFileReference; lastKnownFileType = sourcecode.c.h; path = Document.h; sourceTree = "<group>"; };
		14ADF3B51AE32F9000818134 /* Document.m */ = {isa = PBXFileReference; lastKnownFileType = sourcecode.c.objc; path = Document.m; sourceTree = "<group>"; };
		14ADF3B81AE32F9000818134 /* Base */ = {isa = PBXFileReference; lastKnownFileType = file.xib; name = Base; path = Base.lproj/Document.xib; sourceTree = "<group>"; };
		14ADF3BA1AE32F9000818134 /* Images.xcassets */ = {isa = PBXFileReference; lastKnownFileType = folder.assetcatalog; path = Images.xcassets; sourceTree = "<group>"; };
		14ADF3BD1AE32F9000818134 /* Base */ = {isa = PBXFileReference; lastKnownFileType = file.xib; name = Base; path = Base.lproj/MainMenu.xib; sourceTree = "<group>"; };
		14ADF3C31AE32F9000818134 /* ElectronTests.xctest */ = {isa = PBXFileReference; explicitFileType = wrapper.cfbundle; includeInIndex = 0; path = ElectronTests.xctest; sourceTree = BUILT_PRODUCTS_DIR; };
		14ADF3C81AE32F9100818134 /* Info.plist */ = {isa = PBXFileReference; lastKnownFileType = text.plist.xml; path = Info.plist; sourceTree = "<group>"; };
		14ADF3C91AE32F9100818134 /* ElectronTests.m */ = {isa = PBXFileReference; lastKnownFileType = sourcecode.c.objc; path = ElectronTests.m; sourceTree = "<group>"; };
		14ADF3D41AE32FC200818134 /* ProtonCacheFile.cpp */ = {isa = PBXFileReference; fileEncoding = 4; lastKnownFileType = sourcecode.cpp.cpp; name = ProtonCacheFile.cpp; path = ../../../ProtonCacheFile.cpp; sourceTree = "<group>"; };
		14ADF3D51AE32FC200818134 /* ProtonCacheFile.h */ = {isa = PBXFileReference; fileEncoding = 4; lastKnownFileType = sourcecode.c.h; name = ProtonCacheFile.h; path = ../../../ProtonCacheFile.h; sourceTree = "<group>"; };
		14ADF3D61AE32FC200818134 /* ProtonMap.cpp */ = {isa = PBXFileReference; fileEncoding = 4; lastKnownFileType = sourcecode.cpp.cpp; name = ProtonMap.cpp; path = ../../../ProtonMap.cpp; sourceTree = "<group>"; };
		14ADF3D71AE32FC200818134 /* ProtonMap.h */ = {isa = PBXFileReference; fileEncoding = 4; lastKnownFileType = sourcecode.c.h; name = ProtonMap.h; path = ../../../ProtonMap.h; sourceTree = "<group>"; };
		14ADF3D81AE32FC200818134 /* ProtonTag.cpp */ = {isa = PBXFileReference; fileEncoding = 4; lastKnownFileType = sourcecode.cpp.cpp; name = ProtonTag.cpp; path = ../../../ProtonTag.cpp; sourceTree = "<group>"; };
		14ADF3D91AE32FC200818134 /* ProtonTag.h */ = {isa = PBXFileReference; fileEncoding = 4; lastKnownFileType = sourcecode.c.h; name = ProtonTag.h; path = ../../../ProtonTag.h; sourceTree = "<group>"; };
		14ADF3DA1AE32FC200818134 /* ProtonTagArray.cpp */ = {isa = PBXFileReference; fileEncoding = 4; lastKnownFileType = sourcecode.cpp.cpp; name = ProtonTagArray.cpp; path = ../../../ProtonTagArray.cpp; sourceTree = "<group>"; };
		14ADF3DB1AE32FC200818134 /* ProtonTagArray.h */ = {isa = PBXFileReference; fileEncoding = 4; lastKnownFileType = sourcecode.c.h; name = ProtonTagArray.h; path = ../../../ProtonTagArray.h; sourceTree = "<group>"; };
		14ADF3DC1AE32FC200818134 /* ProtonTagDependency.cpp */ = {isa = PBXFileReference; fileEncoding = 4; lastKnownFileType = sourcecode.cpp.cpp; name = ProtonTagDependency.cpp; path = ../../../ProtonTagDependency.cpp; sourceTree = "<group>"; };
		14ADF3DD1AE32FC200818134 /* ProtonTagDependency.h */ = {isa = PBXFileReference; fileEncoding = 4; lastKnownFileType = sourcecode.c.h; name = ProtonTagDependency.h; path = ../../../ProtonTagDependency.h; sourceTree = "<group>"; };
		14ADF3E31AE32FC700818134 /* HaloData.cpp */ = {isa = PBXFileReference; fileEncoding = 4; lastKnownFileType = sourcecode.cpp.cpp; name = HaloData.cpp; path = ../../../HaloData.cpp; sourceTree = "<group>"; };
		14ADF3E41AE32FC700818134 /* HaloData.h */ = {isa = PBXFileReference; fileEncoding = 4; lastKnownFileType = sourcecode.c.h; name = HaloData.h; path = ../../../HaloData.h; sourceTree = "<group>"; };
		14ADF3E61AE32FCF00818134 /* BitmSndMap.h */ = {isa = PBXFileReference; lastKnownFileType = sourcecode.c.h; name = BitmSndMap.h; path = ../../../BitmSndMap.h; sourceTree = "<group>"; };
		14ADF3EE1AE3312D00818134 /* ERenderView.h */ = {isa = PBXFileReference; fileEncoding = 4; lastKnownFileType = sourcecode.c.h; path = ERenderView.h; sourceTree = "<group>"; };
		14ADF3EF1AE3312D00818134 /* ERenderView.mm */ = {isa = PBXFileReference; fileEncoding = 4; lastKnownFileType = sourcecode.cpp.objcpp; path = ERenderView.mm; sourceTree = "<group>"; };
		14ADF3F51AE3367000818134 /* OpenGL.framework */ = {isa = PBXFileReference; lastKnownFileType = wrapper.framework; name = OpenGL.framework; path = System/Library/Frameworks/OpenGL.framework; sourceTree = SDKROOT; };
		14DA18BB1AEBA9A60064D9B6 /* swat.cpp */ = {isa = PBXFileReference; fileEncoding = 4; lastKnownFileType = sourcecode.cpp.cpp; path = swat.cpp; sourceTree = "<group>"; };
		14DA18BC1AEBA9A60064D9B6 /* swat.h */ = {isa = PBXFileReference; fileEncoding = 4; lastKnownFileType = sourcecode.c.h; path = swat.h; sourceTree = "<group>"; };
		14DA18BE1AEBA9AD0064D9B6 /* sgla.cpp */ = {isa = PBXFileReference; fileEncoding = 4; lastKnownFileType = sourcecode.cpp.cpp; path = sgla.cpp; sourceTree = "<group>"; };
		14DA18BF1AEBA9AD0064D9B6 /* sgla.h */ = {isa = PBXFileReference; fileEncoding = 4; lastKnownFileType = sourcecode.c.h; path = sgla.h; sourceTree = "<group>"; };
		14DA18C11AEBAAEE0064D9B6 /* sgla.frag */ = {isa = PBXFileReference; fileEncoding = 4; lastKnownFileType = sourcecode.glsl; path = sgla.frag; sourceTree = "<group>"; };
		14DA18C21AEBAAEE0064D9B6 /* sgla.vert */ = {isa = PBXFileReference; fileEncoding = 4; lastKnownFileType = sourcecode.glsl; path = sgla.vert; sourceTree = "<group>"; };
		14DA18C51AEBAAF30064D9B6 /* swat.frag */ = {isa = PBXFileReference; fileEncoding = 4; lastKnownFileType = sourcecode.glsl; path = swat.frag; sourceTree = "<group>"; };
		14DA18C61AEBAAF30064D9B6 /* swat.vert */ = {isa = PBXFileReference; fileEncoding = 4; lastKnownFileType = sourcecode.glsl; path = swat.vert; sourceTree = "<group>"; };
		14DA18C91AEBB1F70064D9B6 /* scex.h */ = {isa = PBXFileReference; fileEncoding = 4; lastKnownFileType = sourcecode.c.h; path = scex.h; sourceTree = "<group>"; };
		14DA18CC1AEBB20A0064D9B6 /* scex.frag */ = {isa = PBXFileReference; fileEncoding = 4; lastKnownFileType = sourcecode.glsl; path = scex.frag; sourceTree = "<group>"; };
		14DA18CD1AEBB20A0064D9B6 /* scex.vert */ = {isa = PBXFileReference; fileEncoding = 4; lastKnownFileType = sourcecode.glsl; path = scex.vert; sourceTree = "<group>"; };
		14DA18D01AEBB25E0064D9B6 /* scex.cpp */ = {isa = PBXFileReference; fileEncoding = 4; lastKnownFileType = sourcecode.cpp.cpp; path = scex.cpp; sourceTree = "<group>"; };
/* End PBXFileReference section */

/* Begin PBXFrameworksBuildPhase section */
		14ADF3A71AE32F9000818134 /* Frameworks */ = {
			isa = PBXFrameworksBuildPhase;
			buildActionMask = 2147483647;
			files = (
				1436196F1AE3982200D82AC8 /* GLUT.framework in Frameworks */,
				14ADF3F61AE3367000818134 /* OpenGL.framework in Frameworks */,
			);
			runOnlyForDeploymentPostprocessing = 0;
		};
		14ADF3C01AE32F9000818134 /* Frameworks */ = {
			isa = PBXFrameworksBuildPhase;
			buildActionMask = 2147483647;
			files = (
			);
			runOnlyForDeploymentPostprocessing = 0;
		};
/* End PBXFrameworksBuildPhase section */

/* Begin PBXGroup section */
		142158171AE4FA170068557B /* squish */ = {
			isa = PBXGroup;
			children = (
				142158181AE4FA170068557B /* alpha.cpp */,
				142158191AE4FA170068557B /* alpha.h */,
				1421581A1AE4FA170068557B /* clusterfit.cpp */,
				1421581B1AE4FA170068557B /* clusterfit.h */,
				1421581C1AE4FA170068557B /* colourblock.cpp */,
				1421581D1AE4FA170068557B /* colourblock.h */,
				1421581E1AE4FA170068557B /* colourfit.cpp */,
				1421581F1AE4FA170068557B /* colourfit.h */,
				142158201AE4FA170068557B /* colourset.cpp */,
				142158211AE4FA170068557B /* colourset.h */,
				142158221AE4FA170068557B /* config.h */,
				142158231AE4FA170068557B /* maths.cpp */,
				142158241AE4FA170068557B /* maths.h */,
				142158251AE4FA170068557B /* rangefit.cpp */,
				142158261AE4FA170068557B /* rangefit.h */,
				142158271AE4FA170068557B /* simd.h */,
				142158281AE4FA170068557B /* simd_float.h */,
				142158291AE4FA170068557B /* simd_sse.h */,
				1421582A1AE4FA170068557B /* simd_ve.h */,
				1421582B1AE4FA170068557B /* singlecolourfit.cpp */,
				1421582C1AE4FA170068557B /* singlecolourfit.h */,
				1421582D1AE4FA170068557B /* singlecolourlookup.inl */,
				1421582E1AE4FA170068557B /* squish.cpp */,
				1421582F1AE4FA170068557B /* squish.h */,
			);
			name = squish;
			path = ../../OpenGL/squish;
			sourceTree = "<group>";
		};
		14272CDC1AE5B05B002A64A5 /* render */ = {
			isa = PBXGroup;
			children = (
				14272CDD1AE5B05B002A64A5 /* camera */,
				14272CE21AE5B05B002A64A5 /* render.cpp */,
				14272CE31AE5B05B002A64A5 /* render.h */,
				14272CE41AE5B05B002A64A5 /* renderables */,
				14272CEE1AE5B05B002A64A5 /* shader */,
				14272CFF1AE5B05B002A64A5 /* texture */,
			);
			name = render;
			path = ../../OpenGL/render;
			sourceTree = "<group>";
		};
		14272CDD1AE5B05B002A64A5 /* camera */ = {
			isa = PBXGroup;
			children = (
				14272CDE1AE5B05B002A64A5 /* camera.cpp */,
				14272CDF1AE5B05B002A64A5 /* camera.h */,
				14272CE01AE5B05B002A64A5 /* vector3d.cpp */,
				14272CE11AE5B05B002A64A5 /* vector3d.h */,
			);
			path = camera;
			sourceTree = "<group>";
		};
		14272CE41AE5B05B002A64A5 /* renderables */ = {
			isa = PBXGroup;
			children = (
				14272CE51AE5B05B002A64A5 /* bsp.cpp */,
				14272CE61AE5B05B002A64A5 /* bsp.h */,
				14272CE71AE5B05B002A64A5 /* model.cpp */,
				14272CE81AE5B05B002A64A5 /* model.h */,
				14272CE91AE5B05B002A64A5 /* object.cpp */,
				14272CEA1AE5B05B002A64A5 /* object.h */,
				14272CEB1AE5B05B002A64A5 /* objects */,
			);
			path = renderables;
			sourceTree = "<group>";
		};
		14272CEB1AE5B05B002A64A5 /* objects */ = {
			isa = PBXGroup;
			children = (
				14272CEC1AE5B05B002A64A5 /* scen.cpp */,
				14272CED1AE5B05B002A64A5 /* scen.h */,
				140293F11AE634EE004BD9B9 /* vehi.cpp */,
				140293F21AE634EE004BD9B9 /* vehi.h */,
				145A96C41AE79A97001CCEBA /* itmc.cpp */,
				145A96C51AE79A97001CCEBA /* itmc.h */,
			);
			path = objects;
			sourceTree = "<group>";
		};
		14272CEE1AE5B05B002A64A5 /* shader */ = {
			isa = PBXGroup;
			children = (
				14272CEF1AE5B05B002A64A5 /* shader.cpp */,
				14272CF01AE5B05B002A64A5 /* shader.h */,
				14272CF11AE5B05B002A64A5 /* shaders */,
			);
			path = shader;
			sourceTree = "<group>";
		};
		14272CF11AE5B05B002A64A5 /* shaders */ = {
			isa = PBXGroup;
			children = (
				14272CF21AE5B05B002A64A5 /* glsl */,
				14272CF91AE5B05B002A64A5 /* schi.cpp */,
				14272CFA1AE5B05B002A64A5 /* schi.h */,
				14272CFB1AE5B05B002A64A5 /* senv.cpp */,
				14272CFC1AE5B05B002A64A5 /* senv.h */,
				14272CFD1AE5B05B002A64A5 /* soso.cpp */,
				14272CFE1AE5B05B002A64A5 /* soso.h */,
				14DA18BB1AEBA9A60064D9B6 /* swat.cpp */,
				14DA18BC1AEBA9A60064D9B6 /* swat.h */,
				14DA18BE1AEBA9AD0064D9B6 /* sgla.cpp */,
				14DA18BF1AEBA9AD0064D9B6 /* sgla.h */,
				14DA18D01AEBB25E0064D9B6 /* scex.cpp */,
				14DA18C91AEBB1F70064D9B6 /* scex.h */,
				145A96C71AE79E55001CCEBA /* null.cpp */,
				145A96C81AE79E55001CCEBA /* null.h */,
			);
			path = shaders;
			sourceTree = "<group>";
		};
		14272CF21AE5B05B002A64A5 /* glsl */ = {
			isa = PBXGroup;
			children = (
				14272CF31AE5B05B002A64A5 /* schi.frag */,
				14272CF41AE5B05B002A64A5 /* schi.vert */,
				14272CF51AE5B05B002A64A5 /* senv.frag */,
				14272CF61AE5B05B002A64A5 /* senv.vert */,
				14272CF71AE5B05B002A64A5 /* soso.frag */,
				14272CF81AE5B05B002A64A5 /* soso.vert */,
				14DA18C11AEBAAEE0064D9B6 /* sgla.frag */,
				14DA18C21AEBAAEE0064D9B6 /* sgla.vert */,
				14DA18C51AEBAAF30064D9B6 /* swat.frag */,
				14DA18C61AEBAAF30064D9B6 /* swat.vert */,
				14DA18CC1AEBB20A0064D9B6 /* scex.frag */,
				14DA18CD1AEBB20A0064D9B6 /* scex.vert */,
				145A96CA1AE79E5B001CCEBA /* null.frag */,
				145A96CB1AE79E5B001CCEBA /* null.vert */,
			);
			path = glsl;
			sourceTree = "<group>";
		};
		14272CFF1AE5B05B002A64A5 /* texture */ = {
			isa = PBXGroup;
			children = (
				14272D001AE5B05B002A64A5 /* bitmaps.cpp */,
				14272D011AE5B05B002A64A5 /* bitmaps.h */,
				14272D021AE5B05B002A64A5 /* texture.cpp */,
				14272D031AE5B05B002A64A5 /* texture.h */,
			);
			path = texture;
			sourceTree = "<group>";
		};
		14272D171AE5BA30002A64A5 /* tags */ = {
			isa = PBXGroup;
			children = (
				14272D181AE5BA30002A64A5 /* ZZTHaloObjectTag.h */,
				14272D191AE5BA30002A64A5 /* ZZTHaloScenarioTag.h */,
			);
			name = tags;
			path = ../../OpenGL/tags;
			sourceTree = "<group>";
		};
		14ADF3A11AE32F9000818134 = {
			isa = PBXGroup;
			children = (
				1436196E1AE3982200D82AC8 /* GLUT.framework */,
				14ADF3F51AE3367000818134 /* OpenGL.framework */,
				14ADF3AC1AE32F9000818134 /* Electron */,
				14ADF3C61AE32F9000818134 /* ElectronTests */,
				14ADF3AB1AE32F9000818134 /* Products */,
			);
			sourceTree = "<group>";
		};
		14ADF3AB1AE32F9000818134 /* Products */ = {
			isa = PBXGroup;
			children = (
				14ADF3AA1AE32F9000818134 /* Electron.app */,
				14ADF3C31AE32F9000818134 /* ElectronTests.xctest */,
			);
			name = Products;
			sourceTree = "<group>";
		};
		14ADF3AC1AE32F9000818134 /* Electron */ = {
			isa = PBXGroup;
			children = (
				142158171AE4FA170068557B /* squish */,
				14ADF3EB1AE330E100818134 /* Render */,
				14ADF3F91AE3371D00818134 /* OpenGL */,
				14ADF3D31AE32FAE00818134 /* Proton */,
				14ADF3AF1AE32F9000818134 /* AppDelegate.h */,
				14ADF3B01AE32F9000818134 /* AppDelegate.mm */,
				14ADF3B41AE32F9000818134 /* Document.h */,
				14ADF3B51AE32F9000818134 /* Document.m */,
				14ADF3B71AE32F9000818134 /* Document.xib */,
				14ADF3BA1AE32F9000818134 /* Images.xcassets */,
				14ADF3BC1AE32F9000818134 /* MainMenu.xib */,
				14ADF3AD1AE32F9000818134 /* Supporting Files */,
			);
			path = Electron;
			sourceTree = "<group>";
		};
		14ADF3AD1AE32F9000818134 /* Supporting Files */ = {
			isa = PBXGroup;
			children = (
				14ADF3AE1AE32F9000818134 /* Info.plist */,
				14ADF3B21AE32F9000818134 /* main.m */,
			);
			name = "Supporting Files";
			sourceTree = "<group>";
		};
		14ADF3C61AE32F9000818134 /* ElectronTests */ = {
			isa = PBXGroup;
			children = (
				14ADF3C91AE32F9100818134 /* ElectronTests.m */,
				14ADF3C71AE32F9100818134 /* Supporting Files */,
			);
			path = ElectronTests;
			sourceTree = "<group>";
		};
		14ADF3C71AE32F9100818134 /* Supporting Files */ = {
			isa = PBXGroup;
			children = (
				14ADF3C81AE32F9100818134 /* Info.plist */,
			);
			name = "Supporting Files";
			sourceTree = "<group>";
		};
		14ADF3D31AE32FAE00818134 /* Proton */ = {
			isa = PBXGroup;
			children = (
				14ADF3E61AE32FCF00818134 /* BitmSndMap.h */,
				14ADF3E31AE32FC700818134 /* HaloData.cpp */,
				14ADF3E41AE32FC700818134 /* HaloData.h */,
				14ADF3D41AE32FC200818134 /* ProtonCacheFile.cpp */,
				14ADF3D51AE32FC200818134 /* ProtonCacheFile.h */,
				14ADF3D61AE32FC200818134 /* ProtonMap.cpp */,
				14ADF3D71AE32FC200818134 /* ProtonMap.h */,
				14ADF3D81AE32FC200818134 /* ProtonTag.cpp */,
				14ADF3D91AE32FC200818134 /* ProtonTag.h */,
				14ADF3DA1AE32FC200818134 /* ProtonTagArray.cpp */,
				14ADF3DB1AE32FC200818134 /* ProtonTagArray.h */,
				14ADF3DC1AE32FC200818134 /* ProtonTagDependency.cpp */,
				14ADF3DD1AE32FC200818134 /* ProtonTagDependency.h */,
			);
			name = Proton;
			sourceTree = "<group>";
		};
		14ADF3EB1AE330E100818134 /* Render */ = {
			isa = PBXGroup;
			children = (
				14ADF3EE1AE3312D00818134 /* ERenderView.h */,
				14ADF3EF1AE3312D00818134 /* ERenderView.mm */,
			);
			name = Render;
			sourceTree = "<group>";
		};
		14ADF3F91AE3371D00818134 /* OpenGL */ = {
			isa = PBXGroup;
			children = (
				143619771AE39B3C00D82AC8 /* defines.h */,
				14272D171AE5BA30002A64A5 /* tags */,
				14272CDC1AE5B05B002A64A5 /* render */,
			);
			name = OpenGL;
			sourceTree = "<group>";
		};
/* End PBXGroup section */

/* Begin PBXNativeTarget section */
		14ADF3A91AE32F9000818134 /* Electron */ = {
			isa = PBXNativeTarget;
			buildConfigurationList = 14ADF3CD1AE32F9100818134 /* Build configuration list for PBXNativeTarget "Electron" */;
			buildPhases = (
				14ADF3A61AE32F9000818134 /* Sources */,
				14ADF3A71AE32F9000818134 /* Frameworks */,
				14ADF3A81AE32F9000818134 /* Resources */,
			);
			buildRules = (
			);
			dependencies = (
			);
			name = Electron;
			productName = Electron;
			productReference = 14ADF3AA1AE32F9000818134 /* Electron.app */;
			productType = "com.apple.product-type.application";
		};
		14ADF3C21AE32F9000818134 /* ElectronTests */ = {
			isa = PBXNativeTarget;
			buildConfigurationList = 14ADF3D01AE32F9100818134 /* Build configuration list for PBXNativeTarget "ElectronTests" */;
			buildPhases = (
				14ADF3BF1AE32F9000818134 /* Sources */,
				14ADF3C01AE32F9000818134 /* Frameworks */,
				14ADF3C11AE32F9000818134 /* Resources */,
			);
			buildRules = (
			);
			dependencies = (
				14ADF3C51AE32F9000818134 /* PBXTargetDependency */,
			);
			name = ElectronTests;
			productName = ElectronTests;
			productReference = 14ADF3C31AE32F9000818134 /* ElectronTests.xctest */;
			productType = "com.apple.product-type.bundle.unit-test";
		};
/* End PBXNativeTarget section */

/* Begin PBXProject section */
		14ADF3A21AE32F9000818134 /* Project object */ = {
			isa = PBXProject;
			attributes = {
				LastUpgradeCheck = 0630;
				ORGANIZATIONNAME = Samuco;
				TargetAttributes = {
					14ADF3A91AE32F9000818134 = {
						CreatedOnToolsVersion = 6.3;
					};
					14ADF3C21AE32F9000818134 = {
						CreatedOnToolsVersion = 6.3;
						TestTargetID = 14ADF3A91AE32F9000818134;
					};
				};
			};
			buildConfigurationList = 14ADF3A51AE32F9000818134 /* Build configuration list for PBXProject "Electron" */;
			compatibilityVersion = "Xcode 3.1";
			developmentRegion = English;
			hasScannedForEncodings = 0;
			knownRegions = (
				en,
				Base,
			);
			mainGroup = 14ADF3A11AE32F9000818134;
			productRefGroup = 14ADF3AB1AE32F9000818134 /* Products */;
			projectDirPath = "";
			projectRoot = "";
			targets = (
				14ADF3A91AE32F9000818134 /* Electron */,
				14ADF3C21AE32F9000818134 /* ElectronTests */,
			);
		};
/* End PBXProject section */

/* Begin PBXResourcesBuildPhase section */
		14ADF3A81AE32F9000818134 /* Resources */ = {
			isa = PBXResourcesBuildPhase;
			buildActionMask = 2147483647;
			files = (
				14ADF3B91AE32F9000818134 /* Document.xib in Resources */,
				14DA18CF1AEBB20A0064D9B6 /* scex.vert in Resources */,
				14DA18C41AEBAAEE0064D9B6 /* sgla.vert in Resources */,
				14DA18C31AEBAAEE0064D9B6 /* sgla.frag in Resources */,
				14272D101AE5B05B002A64A5 /* soso.frag in Resources */,
				14272D0D1AE5B05B002A64A5 /* schi.vert in Resources */,
				145A96CD1AE79E5B001CCEBA /* null.vert in Resources */,
				14ADF3BB1AE32F9000818134 /* Images.xcassets in Resources */,
				14DA18CE1AEBB20A0064D9B6 /* scex.frag in Resources */,
				14DA18C81AEBAAF30064D9B6 /* swat.vert in Resources */,
				14DA18C71AEBAAF30064D9B6 /* swat.frag in Resources */,
				145A96CC1AE79E5B001CCEBA /* null.frag in Resources */,
				14272D0C1AE5B05B002A64A5 /* schi.frag in Resources */,
				14272D0F1AE5B05B002A64A5 /* senv.vert in Resources */,
				14272D111AE5B05B002A64A5 /* soso.vert in Resources */,
				14ADF3BE1AE32F9000818134 /* MainMenu.xib in Resources */,
				142158381AE4FA170068557B /* singlecolourlookup.inl in Resources */,
				14272D0E1AE5B05B002A64A5 /* senv.frag in Resources */,
			);
			runOnlyForDeploymentPostprocessing = 0;
		};
		14ADF3C11AE32F9000818134 /* Resources */ = {
			isa = PBXResourcesBuildPhase;
			buildActionMask = 2147483647;
			files = (
			);
			runOnlyForDeploymentPostprocessing = 0;
		};
/* End PBXResourcesBuildPhase section */

/* Begin PBXSourcesBuildPhase section */
		14ADF3A61AE32F9000818134 /* Sources */ = {
			isa = PBXSourcesBuildPhase;
			buildActionMask = 2147483647;
			files = (
				14272D121AE5B05B002A64A5 /* schi.cpp in Sources */,
				14272D0A1AE5B05B002A64A5 /* scen.cpp in Sources */,
				14272D051AE5B05B002A64A5 /* vector3d.cpp in Sources */,
				14CAB2131AE35FD30093603A /* HaloData.cpp in Sources */,
				142158331AE4FA170068557B /* colourfit.cpp in Sources */,
				14272D131AE5B05B002A64A5 /* senv.cpp in Sources */,
				14272D061AE5B05B002A64A5 /* render.cpp in Sources */,
				142158301AE4FA170068557B /* alpha.cpp in Sources */,
				145A96C91AE79E55001CCEBA /* null.cpp in Sources */,
				142158371AE4FA170068557B /* singlecolourfit.cpp in Sources */,
				14272D041AE5B05B002A64A5 /* camera.cpp in Sources */,
				14DA18D11AEBB25E0064D9B6 /* scex.cpp in Sources */,
				14ADF3F01AE3312D00818134 /* ERenderView.mm in Sources */,
				14ADF3B61AE32F9000818134 /* Document.m in Sources */,
				14272D151AE5B05B002A64A5 /* bitmaps.cpp in Sources */,
				14272D161AE5B05B002A64A5 /* texture.cpp in Sources */,
				14272D091AE5B05B002A64A5 /* object.cpp in Sources */,
				142158391AE4FA170068557B /* squish.cpp in Sources */,
				14ADF3B31AE32F9000818134 /* main.m in Sources */,
				14272D081AE5B05B002A64A5 /* model.cpp in Sources */,
				142158341AE4FA170068557B /* colourset.cpp in Sources */,
				14DA18BD1AEBA9A60064D9B6 /* swat.cpp in Sources */,
				14ADF3E11AE32FC200818134 /* ProtonTagArray.cpp in Sources */,
				14ADF3DE1AE32FC200818134 /* ProtonCacheFile.cpp in Sources */,
				14272D071AE5B05B002A64A5 /* bsp.cpp in Sources */,
				142158311AE4FA170068557B /* clusterfit.cpp in Sources */,
				142158361AE4FA170068557B /* rangefit.cpp in Sources */,
				142158351AE4FA170068557B /* maths.cpp in Sources */,
				14272D141AE5B05B002A64A5 /* soso.cpp in Sources */,
				14272D0B1AE5B05B002A64A5 /* shader.cpp in Sources */,
				14ADF3B11AE32F9000818134 /* AppDelegate.mm in Sources */,
				145A96C61AE79A97001CCEBA /* itmc.cpp in Sources */,
				14ADF3E21AE32FC200818134 /* ProtonTagDependency.cpp in Sources */,
				142158321AE4FA170068557B /* colourblock.cpp in Sources */,
				14DA18C01AEBA9AD0064D9B6 /* sgla.cpp in Sources */,
				14ADF3E01AE32FC200818134 /* ProtonTag.cpp in Sources */,
				14ADF3DF1AE32FC200818134 /* ProtonMap.cpp in Sources */,
				140293F31AE634EE004BD9B9 /* vehi.cpp in Sources */,
			);
			runOnlyForDeploymentPostprocessing = 0;
		};
		14ADF3BF1AE32F9000818134 /* Sources */ = {
			isa = PBXSourcesBuildPhase;
			buildActionMask = 2147483647;
			files = (
				14ADF3CA1AE32F9100818134 /* ElectronTests.m in Sources */,
			);
			runOnlyForDeploymentPostprocessing = 0;
		};
/* End PBXSourcesBuildPhase section */

/* Begin PBXTargetDependency section */
		14ADF3C51AE32F9000818134 /* PBXTargetDependency */ = {
			isa = PBXTargetDependency;
			target = 14ADF3A91AE32F9000818134 /* Electron */;
			targetProxy = 14ADF3C41AE32F9000818134 /* PBXContainerItemProxy */;
		};
/* End PBXTargetDependency section */

/* Begin PBXVariantGroup section */
		14ADF3B71AE32F9000818134 /* Document.xib */ = {
			isa = PBXVariantGroup;
			children = (
				14ADF3B81AE32F9000818134 /* Base */,
			);
			name = Document.xib;
			sourceTree = "<group>";
		};
		14ADF3BC1AE32F9000818134 /* MainMenu.xib */ = {
			isa = PBXVariantGroup;
			children = (
				14ADF3BD1AE32F9000818134 /* Base */,
			);
			name = MainMenu.xib;
			sourceTree = "<group>";
		};
/* End PBXVariantGroup section */

/* Begin XCBuildConfiguration section */
		14ADF3CB1AE32F9100818134 /* Debug */ = {
			isa = XCBuildConfiguration;
			buildSettings = {
				ALWAYS_SEARCH_USER_PATHS = NO;
				CLANG_CXX_LANGUAGE_STANDARD = "gnu++0x";
				CLANG_CXX_LIBRARY = "libc++";
				CLANG_ENABLE_MODULES = YES;
				CLANG_ENABLE_OBJC_ARC = YES;
				CLANG_WARN_BOOL_CONVERSION = YES;
				CLANG_WARN_CONSTANT_CONVERSION = YES;
				CLANG_WARN_DIRECT_OBJC_ISA_USAGE = YES_ERROR;
				CLANG_WARN_EMPTY_BODY = YES;
				CLANG_WARN_ENUM_CONVERSION = YES;
				CLANG_WARN_INT_CONVERSION = YES;
				CLANG_WARN_OBJC_ROOT_CLASS = YES_ERROR;
				CLANG_WARN_UNREACHABLE_CODE = YES;
				CLANG_WARN__DUPLICATE_METHOD_MATCH = YES;
				CODE_SIGN_IDENTITY = "-";
				COPY_PHASE_STRIP = NO;
				DEBUG_INFORMATION_FORMAT = dwarf;
				ENABLE_STRICT_OBJC_MSGSEND = YES;
				GCC_C_LANGUAGE_STANDARD = gnu99;
				GCC_DYNAMIC_NO_PIC = NO;
				GCC_NO_COMMON_BLOCKS = YES;
				GCC_OPTIMIZATION_LEVEL = 0;
				GCC_PREPROCESSOR_DEFINITIONS = (
					"DEBUG=1",
					"$(inherited)",
				);
				GCC_SYMBOLS_PRIVATE_EXTERN = NO;
				GCC_WARN_64_TO_32_BIT_CONVERSION = YES;
				GCC_WARN_ABOUT_RETURN_TYPE = YES_ERROR;
				GCC_WARN_UNDECLARED_SELECTOR = YES;
				GCC_WARN_UNINITIALIZED_AUTOS = YES_AGGRESSIVE;
				GCC_WARN_UNUSED_FUNCTION = YES;
				GCC_WARN_UNUSED_VARIABLE = YES;
				MACOSX_DEPLOYMENT_TARGET = 10.10;
				MTL_ENABLE_DEBUG_INFO = YES;
				ONLY_ACTIVE_ARCH = YES;
				SDKROOT = macosx;
			};
			name = Debug;
		};
		14ADF3CC1AE32F9100818134 /* Release */ = {
			isa = XCBuildConfiguration;
			buildSettings = {
				ALWAYS_SEARCH_USER_PATHS = NO;
				CLANG_CXX_LANGUAGE_STANDARD = "gnu++0x";
				CLANG_CXX_LIBRARY = "libc++";
				CLANG_ENABLE_MODULES = YES;
				CLANG_ENABLE_OBJC_ARC = YES;
				CLANG_WARN_BOOL_CONVERSION = YES;
				CLANG_WARN_CONSTANT_CONVERSION = YES;
				CLANG_WARN_DIRECT_OBJC_ISA_USAGE = YES_ERROR;
				CLANG_WARN_EMPTY_BODY = YES;
				CLANG_WARN_ENUM_CONVERSION = YES;
				CLANG_WARN_INT_CONVERSION = YES;
				CLANG_WARN_OBJC_ROOT_CLASS = YES_ERROR;
				CLANG_WARN_UNREACHABLE_CODE = YES;
				CLANG_WARN__DUPLICATE_METHOD_MATCH = YES;
				CODE_SIGN_IDENTITY = "-";
				COPY_PHASE_STRIP = NO;
				DEBUG_INFORMATION_FORMAT = "dwarf-with-dsym";
				ENABLE_NS_ASSERTIONS = NO;
				ENABLE_STRICT_OBJC_MSGSEND = YES;
				GCC_C_LANGUAGE_STANDARD = gnu99;
				GCC_NO_COMMON_BLOCKS = YES;
				GCC_WARN_64_TO_32_BIT_CONVERSION = YES;
				GCC_WARN_ABOUT_RETURN_TYPE = YES_ERROR;
				GCC_WARN_UNDECLARED_SELECTOR = YES;
				GCC_WARN_UNINITIALIZED_AUTOS = YES_AGGRESSIVE;
				GCC_WARN_UNUSED_FUNCTION = YES;
				GCC_WARN_UNUSED_VARIABLE = YES;
				MACOSX_DEPLOYMENT_TARGET = 10.10;
				MTL_ENABLE_DEBUG_INFO = NO;
				SDKROOT = macosx;
			};
			name = Release;
		};
		14ADF3CE1AE32F9100818134 /* Debug */ = {
			isa = XCBuildConfiguration;
			buildSettings = {
				ASSETCATALOG_COMPILER_APPICON_NAME = AppIcon;
				CLANG_CXX_LANGUAGE_STANDARD = "c++14";
				CLANG_CXX_LIBRARY = "compiler-default";
				CLANG_ENABLE_OBJC_ARC = NO;
				COMBINE_HIDPI_IMAGES = YES;
				GCC_C_LANGUAGE_STANDARD = "compiler-default";
				INFOPLIST_FILE = Electron/Info.plist;
				LD_RUNPATH_SEARCH_PATHS = "$(inherited) @executable_path/../Frameworks";
				MACOSX_DEPLOYMENT_TARGET = 10.9;
				PRODUCT_NAME = "$(TARGET_NAME)";
			};
			name = Debug;
		};
		14ADF3CF1AE32F9100818134 /* Release */ = {
			isa = XCBuildConfiguration;
			buildSettings = {
				ASSETCATALOG_COMPILER_APPICON_NAME = AppIcon;
				CLANG_CXX_LANGUAGE_STANDARD = "c++14";
				CLANG_CXX_LIBRARY = "compiler-default";
				CLANG_ENABLE_OBJC_ARC = NO;
				COMBINE_HIDPI_IMAGES = YES;
				GCC_C_LANGUAGE_STANDARD = "compiler-default";
				INFOPLIST_FILE = Electron/Info.plist;
				LD_RUNPATH_SEARCH_PATHS = "$(inherited) @executable_path/../Frameworks";
				MACOSX_DEPLOYMENT_TARGET = 10.9;
				PRODUCT_NAME = "$(TARGET_NAME)";
			};
			name = Release;
		};
		14ADF3D11AE32F9100818134 /* Debug */ = {
			isa = XCBuildConfiguration;
			buildSettings = {
				BUNDLE_LOADER = "$(TEST_HOST)";
				COMBINE_HIDPI_IMAGES = YES;
				FRAMEWORK_SEARCH_PATHS = (
					"$(DEVELOPER_FRAMEWORKS_DIR)",
					"$(inherited)",
				);
				GCC_PREPROCESSOR_DEFINITIONS = (
					"DEBUG=1",
					"$(inherited)",
				);
				INFOPLIST_FILE = ElectronTests/Info.plist;
				LD_RUNPATH_SEARCH_PATHS = "$(inherited) @executable_path/../Frameworks @loader_path/../Frameworks";
				PRODUCT_NAME = "$(TARGET_NAME)";
				TEST_HOST = "$(BUILT_PRODUCTS_DIR)/Electron.app/Contents/MacOS/Electron";
			};
			name = Debug;
		};
		14ADF3D21AE32F9100818134 /* Release */ = {
			isa = XCBuildConfiguration;
			buildSettings = {
				BUNDLE_LOADER = "$(TEST_HOST)";
				COMBINE_HIDPI_IMAGES = YES;
				FRAMEWORK_SEARCH_PATHS = (
					"$(DEVELOPER_FRAMEWORKS_DIR)",
					"$(inherited)",
				);
				INFOPLIST_FILE = ElectronTests/Info.plist;
				LD_RUNPATH_SEARCH_PATHS = "$(inherited) @executable_path/../Frameworks @loader_path/../Frameworks";
				PRODUCT_NAME = "$(TARGET_NAME)";
				TEST_HOST = "$(BUILT_PRODUCTS_DIR)/Electron.app/Contents/MacOS/Electron";
			};
			name = Release;
		};
/* End XCBuildConfiguration section */

/* Begin XCConfigurationList section */
		14ADF3A51AE32F9000818134 /* Build configuration list for PBXProject "Electron" */ = {
			isa = XCConfigurationList;
			buildConfigurations = (
				14ADF3CB1AE32F9100818134 /* Debug */,
				14ADF3CC1AE32F9100818134 /* Release */,
			);
			defaultConfigurationIsVisible = 0;
			defaultConfigurationName = Release;
		};
		14ADF3CD1AE32F9100818134 /* Build configuration list for PBXNativeTarget "Electron" */ = {
			isa = XCConfigurationList;
			buildConfigurations = (
				14ADF3CE1AE32F9100818134 /* Debug */,
				14ADF3CF1AE32F9100818134 /* Release */,
			);
			defaultConfigurationIsVisible = 0;
			defaultConfigurationName = Release;
		};
		14ADF3D01AE32F9100818134 /* Build configuration list for PBXNativeTarget "ElectronTests" */ = {
			isa = XCConfigurationList;
			buildConfigurations = (
				14ADF3D11AE32F9100818134 /* Debug */,
				14ADF3D21AE32F9100818134 /* Release */,
			);
			defaultConfigurationIsVisible = 0;
			defaultConfigurationName = Release;
		};
/* End XCConfigurationList section */
	};
	rootObject = 14ADF3A21AE32F9000818134 /* Project object */;
}
