// !$*UTF8*$!
{
	archiveVersion = 1;
	classes = {
	};
	objectVersion = 46;
	objects = {

/* Begin PBXBuildFile section */
		142158151AE4E4AA0068557B /* texture.cpp in Sources */ = {isa = PBXBuildFile; fileRef = 142158131AE4E4AA0068557B /* texture.cpp */; };
		142158301AE4FA170068557B /* alpha.cpp in Sources */ = {isa = PBXBuildFile; fileRef = 142158181AE4FA170068557B /* alpha.cpp */; };
		142158311AE4FA170068557B /* clusterfit.cpp in Sources */ = {isa = PBXBuildFile; fileRef = 1421581A1AE4FA170068557B /* clusterfit.cpp */; };
		142158321AE4FA170068557B /* colourblock.cpp in Sources */ = {isa = PBXBuildFile; fileRef = 1421581C1AE4FA170068557B /* colourblock.cpp */; };
		142158331AE4FA170068557B /* colourfit.cpp in Sources */ = {isa = PBXBuildFile; fileRef = 1421581E1AE4FA170068557B /* colourfit.cpp */; };
		142158341AE4FA170068557B /* colourset.cpp in Sources */ = {isa = PBXBuildFile; fileRef = 142158201AE4FA170068557B /* colourset.cpp */; };
		142158351AE4FA170068557B /* maths.cpp in Sources */ = {isa = PBXBuildFile; fileRef = 142158231AE4FA170068557B /* maths.cpp */; };
		142158361AE4FA170068557B /* rangefit.cpp in Sources */ = {isa = PBXBuildFile; fileRef = 142158251AE4FA170068557B /* rangefit.cpp */; };
		142158371AE4FA170068557B /* singlecolourfit.cpp in Sources */ = {isa = PBXBuildFile; fileRef = 1421582B1AE4FA170068557B /* singlecolourfit.cpp */; };
		142158381AE4FA170068557B /* singlecolourlookup.inl in Resources */ = {isa = PBXBuildFile; fileRef = 1421582D1AE4FA170068557B /* singlecolourlookup.inl */; };
		142158391AE4FA170068557B /* squish.cpp in Sources */ = {isa = PBXBuildFile; fileRef = 1421582E1AE4FA170068557B /* squish.cpp */; };
		1421583C1AE5022B0068557B /* bitmaps.cpp in Sources */ = {isa = PBXBuildFile; fileRef = 1421583A1AE5022A0068557B /* bitmaps.cpp */; };
		1436196F1AE3982200D82AC8 /* GLUT.framework in Frameworks */ = {isa = PBXBuildFile; fileRef = 1436196E1AE3982200D82AC8 /* GLUT.framework */; };
		143619721AE39B0200D82AC8 /* shader.cpp in Sources */ = {isa = PBXBuildFile; fileRef = 143619701AE39B0200D82AC8 /* shader.cpp */; };
		143619751AE39B1D00D82AC8 /* senv.cpp in Sources */ = {isa = PBXBuildFile; fileRef = 143619741AE39B1D00D82AC8 /* senv.cpp */; };
		143A57BA1AE39C790024C523 /* camera.cpp in Sources */ = {isa = PBXBuildFile; fileRef = 143A57B81AE39C790024C523 /* camera.cpp */; };
		143A57BD1AE39CE80024C523 /* vector3d.cpp in Sources */ = {isa = PBXBuildFile; fileRef = 143A57BB1AE39CE80024C523 /* vector3d.cpp */; };
		143A57C01AE39F0B0024C523 /* bsp.cpp in Sources */ = {isa = PBXBuildFile; fileRef = 143A57BE1AE39F0B0024C523 /* bsp.cpp */; };
		14ADF3B11AE32F9000818134 /* AppDelegate.mm in Sources */ = {isa = PBXBuildFile; fileRef = 14ADF3B01AE32F9000818134 /* AppDelegate.mm */; };
		14ADF3B31AE32F9000818134 /* main.m in Sources */ = {isa = PBXBuildFile; fileRef = 14ADF3B21AE32F9000818134 /* main.m */; };
		14ADF3B61AE32F9000818134 /* Document.m in Sources */ = {isa = PBXBuildFile; fileRef = 14ADF3B51AE32F9000818134 /* Document.m */; };
		14ADF3B91AE32F9000818134 /* Document.xib in Resources */ = {isa = PBXBuildFile; fileRef = 14ADF3B71AE32F9000818134 /* Document.xib */; };
		14ADF3BB1AE32F9000818134 /* Images.xcassets in Resources */ = {isa = PBXBuildFile; fileRef = 14ADF3BA1AE32F9000818134 /* Images.xcassets */; };
		14ADF3BE1AE32F9000818134 /* MainMenu.xib in Resources */ = {isa = PBXBuildFile; fileRef = 14ADF3BC1AE32F9000818134 /* MainMenu.xib */; };
		14ADF3CA1AE32F9100818134 /* ElectronTests.m in Sources */ = {isa = PBXBuildFile; fileRef = 14ADF3C91AE32F9100818134 /* ElectronTests.m */; };
		14ADF3DE1AE32FC200818134 /* ProtonCacheFile.cpp in Sources */ = {isa = PBXBuildFile; fileRef = 14ADF3D41AE32FC200818134 /* ProtonCacheFile.cpp */; };
		14ADF3DF1AE32FC200818134 /* ProtonMap.cpp in Sources */ = {isa = PBXBuildFile; fileRef = 14ADF3D61AE32FC200818134 /* ProtonMap.cpp */; };
		14ADF3E01AE32FC200818134 /* ProtonTag.cpp in Sources */ = {isa = PBXBuildFile; fileRef = 14ADF3D81AE32FC200818134 /* ProtonTag.cpp */; };
		14ADF3E11AE32FC200818134 /* ProtonTagArray.cpp in Sources */ = {isa = PBXBuildFile; fileRef = 14ADF3DA1AE32FC200818134 /* ProtonTagArray.cpp */; };
		14ADF3E21AE32FC200818134 /* ProtonTagDependency.cpp in Sources */ = {isa = PBXBuildFile; fileRef = 14ADF3DC1AE32FC200818134 /* ProtonTagDependency.cpp */; };
		14ADF3F01AE3312D00818134 /* ERenderView.mm in Sources */ = {isa = PBXBuildFile; fileRef = 14ADF3EF1AE3312D00818134 /* ERenderView.mm */; };
		14ADF3F61AE3367000818134 /* OpenGL.framework in Frameworks */ = {isa = PBXBuildFile; fileRef = 14ADF3F51AE3367000818134 /* OpenGL.framework */; };
		14ADF3FA1AE3373200818134 /* render.cpp in Sources */ = {isa = PBXBuildFile; fileRef = 14ADF3F71AE3370700818134 /* render.cpp */; };
		14CAB2131AE35FD30093603A /* HaloData.cpp in Sources */ = {isa = PBXBuildFile; fileRef = 14ADF3E31AE32FC700818134 /* HaloData.cpp */; };
/* End PBXBuildFile section */

/* Begin PBXContainerItemProxy section */
		14ADF3C41AE32F9000818134 /* PBXContainerItemProxy */ = {
			isa = PBXContainerItemProxy;
			containerPortal = 14ADF3A21AE32F9000818134 /* Project object */;
			proxyType = 1;
			remoteGlobalIDString = 14ADF3A91AE32F9000818134;
			remoteInfo = Electron;
		};
/* End PBXContainerItemProxy section */

/* Begin PBXFileReference section */
		142158131AE4E4AA0068557B /* texture.cpp */ = {isa = PBXFileReference; fileEncoding = 4; lastKnownFileType = sourcecode.cpp.cpp; name = texture.cpp; path = ../../OpenGL/texture.cpp; sourceTree = "<group>"; };
		142158141AE4E4AA0068557B /* texture.h */ = {isa = PBXFileReference; fileEncoding = 4; lastKnownFileType = sourcecode.c.h; name = texture.h; path = ../../OpenGL/texture.h; sourceTree = "<group>"; };
		142158181AE4FA170068557B /* alpha.cpp */ = {isa = PBXFileReference; fileEncoding = 4; lastKnownFileType = sourcecode.cpp.cpp; path = alpha.cpp; sourceTree = "<group>"; };
		142158191AE4FA170068557B /* alpha.h */ = {isa = PBXFileReference; fileEncoding = 4; lastKnownFileType = sourcecode.c.h; path = alpha.h; sourceTree = "<group>"; };
		1421581A1AE4FA170068557B /* clusterfit.cpp */ = {isa = PBXFileReference; fileEncoding = 4; lastKnownFileType = sourcecode.cpp.cpp; path = clusterfit.cpp; sourceTree = "<group>"; };
		1421581B1AE4FA170068557B /* clusterfit.h */ = {isa = PBXFileReference; fileEncoding = 4; lastKnownFileType = sourcecode.c.h; path = clusterfit.h; sourceTree = "<group>"; };
		1421581C1AE4FA170068557B /* colourblock.cpp */ = {isa = PBXFileReference; fileEncoding = 4; lastKnownFileType = sourcecode.cpp.cpp; path = colourblock.cpp; sourceTree = "<group>"; };
		1421581D1AE4FA170068557B /* colourblock.h */ = {isa = PBXFileReference; fileEncoding = 4; lastKnownFileType = sourcecode.c.h; path = colourblock.h; sourceTree = "<group>"; };
		1421581E1AE4FA170068557B /* colourfit.cpp */ = {isa = PBXFileReference; fileEncoding = 4; lastKnownFileType = sourcecode.cpp.cpp; path = colourfit.cpp; sourceTree = "<group>"; };
		1421581F1AE4FA170068557B /* colourfit.h */ = {isa = PBXFileReference; fileEncoding = 4; lastKnownFileType = sourcecode.c.h; path = colourfit.h; sourceTree = "<group>"; };
		142158201AE4FA170068557B /* colourset.cpp */ = {isa = PBXFileReference; fileEncoding = 4; lastKnownFileType = sourcecode.cpp.cpp; path = colourset.cpp; sourceTree = "<group>"; };
		142158211AE4FA170068557B /* colourset.h */ = {isa = PBXFileReference; fileEncoding = 4; lastKnownFileType = sourcecode.c.h; path = colourset.h; sourceTree = "<group>"; };
		142158221AE4FA170068557B /* config.h */ = {isa = PBXFileReference; fileEncoding = 4; lastKnownFileType = sourcecode.c.h; path = config.h; sourceTree = "<group>"; };
		142158231AE4FA170068557B /* maths.cpp */ = {isa = PBXFileReference; fileEncoding = 4; lastKnownFileType = sourcecode.cpp.cpp; path = maths.cpp; sourceTree = "<group>"; };
		142158241AE4FA170068557B /* maths.h */ = {isa = PBXFileReference; fileEncoding = 4; lastKnownFileType = sourcecode.c.h; path = maths.h; sourceTree = "<group>"; };
		142158251AE4FA170068557B /* rangefit.cpp */ = {isa = PBXFileReference; fileEncoding = 4; lastKnownFileType = sourcecode.cpp.cpp; path = rangefit.cpp; sourceTree = "<group>"; };
		142158261AE4FA170068557B /* rangefit.h */ = {isa = PBXFileReference; fileEncoding = 4; lastKnownFileType = sourcecode.c.h; path = rangefit.h; sourceTree = "<group>"; };
		142158271AE4FA170068557B /* simd.h */ = {isa = PBXFileReference; fileEncoding = 4; lastKnownFileType = sourcecode.c.h; path = simd.h; sourceTree = "<group>"; };
		142158281AE4FA170068557B /* simd_float.h */ = {isa = PBXFileReference; fileEncoding = 4; lastKnownFileType = sourcecode.c.h; path = simd_float.h; sourceTree = "<group>"; };
		142158291AE4FA170068557B /* simd_sse.h */ = {isa = PBXFileReference; fileEncoding = 4; lastKnownFileType = sourcecode.c.h; path = simd_sse.h; sourceTree = "<group>"; };
		1421582A1AE4FA170068557B /* simd_ve.h */ = {isa = PBXFileReference; fileEncoding = 4; lastKnownFileType = sourcecode.c.h; path = simd_ve.h; sourceTree = "<group>"; };
		1421582B1AE4FA170068557B /* singlecolourfit.cpp */ = {isa = PBXFileReference; fileEncoding = 4; lastKnownFileType = sourcecode.cpp.cpp; path = singlecolourfit.cpp; sourceTree = "<group>"; };
		1421582C1AE4FA170068557B /* singlecolourfit.h */ = {isa = PBXFileReference; fileEncoding = 4; lastKnownFileType = sourcecode.c.h; path = singlecolourfit.h; sourceTree = "<group>"; };
		1421582D1AE4FA170068557B /* singlecolourlookup.inl */ = {isa = PBXFileReference; fileEncoding = 4; lastKnownFileType = text; path = singlecolourlookup.inl; sourceTree = "<group>"; };
		1421582E1AE4FA170068557B /* squish.cpp */ = {isa = PBXFileReference; fileEncoding = 4; lastKnownFileType = sourcecode.cpp.cpp; path = squish.cpp; sourceTree = "<group>"; };
		1421582F1AE4FA170068557B /* squish.h */ = {isa = PBXFileReference; fileEncoding = 4; lastKnownFileType = sourcecode.c.h; path = squish.h; sourceTree = "<group>"; };
		1421583A1AE5022A0068557B /* bitmaps.cpp */ = {isa = PBXFileReference; fileEncoding = 4; lastKnownFileType = sourcecode.cpp.cpp; name = bitmaps.cpp; path = ../../OpenGL/bitmaps.cpp; sourceTree = "<group>"; };
		1421583B1AE5022B0068557B /* bitmaps.h */ = {isa = PBXFileReference; fileEncoding = 4; lastKnownFileType = sourcecode.c.h; name = bitmaps.h; path = ../../OpenGL/bitmaps.h; sourceTree = "<group>"; };
		1436196E1AE3982200D82AC8 /* GLUT.framework */ = {isa = PBXFileReference; lastKnownFileType = wrapper.framework; name = GLUT.framework; path = System/Library/Frameworks/GLUT.framework; sourceTree = SDKROOT; };
		143619701AE39B0200D82AC8 /* shader.cpp */ = {isa = PBXFileReference; fileEncoding = 4; lastKnownFileType = sourcecode.cpp.cpp; name = shader.cpp; path = ../../OpenGL/shader.cpp; sourceTree = "<group>"; };
		143619711AE39B0200D82AC8 /* shader.h */ = {isa = PBXFileReference; fileEncoding = 4; lastKnownFileType = sourcecode.c.h; name = shader.h; path = ../../OpenGL/shader.h; sourceTree = "<group>"; };
		143619741AE39B1D00D82AC8 /* senv.cpp */ = {isa = PBXFileReference; fileEncoding = 4; lastKnownFileType = sourcecode.cpp.cpp; name = senv.cpp; path = ../../OpenGL/shaders/senv.cpp; sourceTree = "<group>"; };
		143619761AE39B2100D82AC8 /* senv.h */ = {isa = PBXFileReference; lastKnownFileType = sourcecode.c.h; name = senv.h; path = ../../OpenGL/shaders/senv.h; sourceTree = "<group>"; };
		143619771AE39B3C00D82AC8 /* defines.h */ = {isa = PBXFileReference; lastKnownFileType = sourcecode.c.h; name = defines.h; path = ../../OpenGL/defines.h; sourceTree = "<group>"; };
		143A57B81AE39C790024C523 /* camera.cpp */ = {isa = PBXFileReference; fileEncoding = 4; lastKnownFileType = sourcecode.cpp.cpp; name = camera.cpp; path = ../../OpenGL/camera.cpp; sourceTree = "<group>"; };
		143A57B91AE39C790024C523 /* camera.h */ = {isa = PBXFileReference; fileEncoding = 4; lastKnownFileType = sourcecode.c.h; name = camera.h; path = ../../OpenGL/camera.h; sourceTree = "<group>"; };
		143A57BB1AE39CE80024C523 /* vector3d.cpp */ = {isa = PBXFileReference; fileEncoding = 4; lastKnownFileType = sourcecode.cpp.cpp; name = vector3d.cpp; path = ../../OpenGL/vector3d.cpp; sourceTree = "<group>"; };
		143A57BC1AE39CE80024C523 /* vector3d.h */ = {isa = PBXFileReference; fileEncoding = 4; lastKnownFileType = sourcecode.c.h; name = vector3d.h; path = ../../OpenGL/vector3d.h; sourceTree = "<group>"; };
		143A57BE1AE39F0B0024C523 /* bsp.cpp */ = {isa = PBXFileReference; fileEncoding = 4; lastKnownFileType = sourcecode.cpp.cpp; name = bsp.cpp; path = ../../OpenGL/bsp.cpp; sourceTree = "<group>"; };
		143A57BF1AE39F0B0024C523 /* bsp.h */ = {isa = PBXFileReference; fileEncoding = 4; lastKnownFileType = sourcecode.c.h; name = bsp.h; path = ../../OpenGL/bsp.h; sourceTree = "<group>"; };
		147F67131AE34EF700380099 /* render.h */ = {isa = PBXFileReference; lastKnownFileType = sourcecode.c.h; name = render.h; path = ../../OpenGL/render.h; sourceTree = "<group>"; };
		14ADF3AA1AE32F9000818134 /* Electron.app */ = {isa = PBXFileReference; explicitFileType = wrapper.application; includeInIndex = 0; path = Electron.app; sourceTree = BUILT_PRODUCTS_DIR; };
		14ADF3AE1AE32F9000818134 /* Info.plist */ = {isa = PBXFileReference; lastKnownFileType = text.plist.xml; path = Info.plist; sourceTree = "<group>"; };
		14ADF3AF1AE32F9000818134 /* AppDelegate.h */ = {isa = PBXFileReference; lastKnownFileType = sourcecode.c.h; path = AppDelegate.h; sourceTree = "<group>"; };
		14ADF3B01AE32F9000818134 /* AppDelegate.mm */ = {isa = PBXFileReference; lastKnownFileType = sourcecode.cpp.objcpp; path = AppDelegate.mm; sourceTree = "<group>"; };
		14ADF3B21AE32F9000818134 /* main.m */ = {isa = PBXFileReference; lastKnownFileType = sourcecode.c.objc; path = main.m; sourceTree = "<group>"; };
		14ADF3B41AE32F9000818134 /* Document.h */ = {isa = PBXFileReference; lastKnownFileType = sourcecode.c.h; path = Document.h; sourceTree = "<group>"; };
		14ADF3B51AE32F9000818134 /* Document.m */ = {isa = PBXFileReference; lastKnownFileType = sourcecode.c.objc; path = Document.m; sourceTree = "<group>"; };
		14ADF3B81AE32F9000818134 /* Base */ = {isa = PBXFileReference; lastKnownFileType = file.xib; name = Base; path = Base.lproj/Document.xib; sourceTree = "<group>"; };
		14ADF3BA1AE32F9000818134 /* Images.xcassets */ = {isa = PBXFileReference; lastKnownFileType = folder.assetcatalog; path = Images.xcassets; sourceTree = "<group>"; };
		14ADF3BD1AE32F9000818134 /* Base */ = {isa = PBXFileReference; lastKnownFileType = file.xib; name = Base; path = Base.lproj/MainMenu.xib; sourceTree = "<group>"; };
		14ADF3C31AE32F9000818134 /* ElectronTests.xctest */ = {isa = PBXFileReference; explicitFileType = wrapper.cfbundle; includeInIndex = 0; path = ElectronTests.xctest; sourceTree = BUILT_PRODUCTS_DIR; };
		14ADF3C81AE32F9100818134 /* Info.plist */ = {isa = PBXFileReference; lastKnownFileType = text.plist.xml; path = Info.plist; sourceTree = "<group>"; };
		14ADF3C91AE32F9100818134 /* ElectronTests.m */ = {isa = PBXFileReference; lastKnownFileType = sourcecode.c.objc; path = ElectronTests.m; sourceTree = "<group>"; };
		14ADF3D41AE32FC200818134 /* ProtonCacheFile.cpp */ = {isa = PBXFileReference; fileEncoding = 4; lastKnownFileType = sourcecode.cpp.cpp; name = ProtonCacheFile.cpp; path = ../../../ProtonCacheFile.cpp; sourceTree = "<group>"; };
		14ADF3D51AE32FC200818134 /* ProtonCacheFile.h */ = {isa = PBXFileReference; fileEncoding = 4; lastKnownFileType = sourcecode.c.h; name = ProtonCacheFile.h; path = ../../../ProtonCacheFile.h; sourceTree = "<group>"; };
		14ADF3D61AE32FC200818134 /* ProtonMap.cpp */ = {isa = PBXFileReference; fileEncoding = 4; lastKnownFileType = sourcecode.cpp.cpp; name = ProtonMap.cpp; path = ../../../ProtonMap.cpp; sourceTree = "<group>"; };
		14ADF3D71AE32FC200818134 /* ProtonMap.h */ = {isa = PBXFileReference; fileEncoding = 4; lastKnownFileType = sourcecode.c.h; name = ProtonMap.h; path = ../../../ProtonMap.h; sourceTree = "<group>"; };
		14ADF3D81AE32FC200818134 /* ProtonTag.cpp */ = {isa = PBXFileReference; fileEncoding = 4; lastKnownFileType = sourcecode.cpp.cpp; name = ProtonTag.cpp; path = ../../../ProtonTag.cpp; sourceTree = "<group>"; };
		14ADF3D91AE32FC200818134 /* ProtonTag.h */ = {isa = PBXFileReference; fileEncoding = 4; lastKnownFileType = sourcecode.c.h; name = ProtonTag.h; path = ../../../ProtonTag.h; sourceTree = "<group>"; };
		14ADF3DA1AE32FC200818134 /* ProtonTagArray.cpp */ = {isa = PBXFileReference; fileEncoding = 4; lastKnownFileType = sourcecode.cpp.cpp; name = ProtonTagArray.cpp; path = ../../../ProtonTagArray.cpp; sourceTree = "<group>"; };
		14ADF3DB1AE32FC200818134 /* ProtonTagArray.h */ = {isa = PBXFileReference; fileEncoding = 4; lastKnownFileType = sourcecode.c.h; name = ProtonTagArray.h; path = ../../../ProtonTagArray.h; sourceTree = "<group>"; };
		14ADF3DC1AE32FC200818134 /* ProtonTagDependency.cpp */ = {isa = PBXFileReference; fileEncoding = 4; lastKnownFileType = sourcecode.cpp.cpp; name = ProtonTagDependency.cpp; path = ../../../ProtonTagDependency.cpp; sourceTree = "<group>"; };
		14ADF3DD1AE32FC200818134 /* ProtonTagDependency.h */ = {isa = PBXFileReference; fileEncoding = 4; lastKnownFileType = sourcecode.c.h; name = ProtonTagDependency.h; path = ../../../ProtonTagDependency.h; sourceTree = "<group>"; };
		14ADF3E31AE32FC700818134 /* HaloData.cpp */ = {isa = PBXFileReference; fileEncoding = 4; lastKnownFileType = sourcecode.cpp.cpp; name = HaloData.cpp; path = ../../../HaloData.cpp; sourceTree = "<group>"; };
		14ADF3E41AE32FC700818134 /* HaloData.h */ = {isa = PBXFileReference; fileEncoding = 4; lastKnownFileType = sourcecode.c.h; name = HaloData.h; path = ../../../HaloData.h; sourceTree = "<group>"; };
		14ADF3E61AE32FCF00818134 /* BitmSndMap.h */ = {isa = PBXFileReference; lastKnownFileType = sourcecode.c.h; name = BitmSndMap.h; path = ../../../BitmSndMap.h; sourceTree = "<group>"; };
		14ADF3EE1AE3312D00818134 /* ERenderView.h */ = {isa = PBXFileReference; fileEncoding = 4; lastKnownFileType = sourcecode.c.h; path = ERenderView.h; sourceTree = "<group>"; };
		14ADF3EF1AE3312D00818134 /* ERenderView.mm */ = {isa = PBXFileReference; fileEncoding = 4; lastKnownFileType = sourcecode.cpp.objcpp; path = ERenderView.mm; sourceTree = "<group>"; };
		14ADF3F51AE3367000818134 /* OpenGL.framework */ = {isa = PBXFileReference; lastKnownFileType = wrapper.framework; name = OpenGL.framework; path = System/Library/Frameworks/OpenGL.framework; sourceTree = SDKROOT; };
		14ADF3F71AE3370700818134 /* render.cpp */ = {isa = PBXFileReference; lastKnownFileType = sourcecode.cpp.cpp; name = render.cpp; path = ../../OpenGL/render.cpp; sourceTree = "<group>"; };
/* End PBXFileReference section */

/* Begin PBXFrameworksBuildPhase section */
		14ADF3A71AE32F9000818134 /* Frameworks */ = {
			isa = PBXFrameworksBuildPhase;
			buildActionMask = 2147483647;
			files = (
				1436196F1AE3982200D82AC8 /* GLUT.framework in Frameworks */,
				14ADF3F61AE3367000818134 /* OpenGL.framework in Frameworks */,
			);
			runOnlyForDeploymentPostprocessing = 0;
		};
		14ADF3C01AE32F9000818134 /* Frameworks */ = {
			isa = PBXFrameworksBuildPhase;
			buildActionMask = 2147483647;
			files = (
			);
			runOnlyForDeploymentPostprocessing = 0;
		};
/* End PBXFrameworksBuildPhase section */

/* Begin PBXGroup section */
		142158161AE4E4B30068557B /* Renderables */ = {
			isa = PBXGroup;
			children = (
				143A57BF1AE39F0B0024C523 /* bsp.h */,
				143A57BE1AE39F0B0024C523 /* bsp.cpp */,
			);
			name = Renderables;
			sourceTree = "<group>";
		};
		142158171AE4FA170068557B /* squish */ = {
			isa = PBXGroup;
			children = (
				142158181AE4FA170068557B /* alpha.cpp */,
				142158191AE4FA170068557B /* alpha.h */,
				1421581A1AE4FA170068557B /* clusterfit.cpp */,
				1421581B1AE4FA170068557B /* clusterfit.h */,
				1421581C1AE4FA170068557B /* colourblock.cpp */,
				1421581D1AE4FA170068557B /* colourblock.h */,
				1421581E1AE4FA170068557B /* colourfit.cpp */,
				1421581F1AE4FA170068557B /* colourfit.h */,
				142158201AE4FA170068557B /* colourset.cpp */,
				142158211AE4FA170068557B /* colourset.h */,
				142158221AE4FA170068557B /* config.h */,
				142158231AE4FA170068557B /* maths.cpp */,
				142158241AE4FA170068557B /* maths.h */,
				142158251AE4FA170068557B /* rangefit.cpp */,
				142158261AE4FA170068557B /* rangefit.h */,
				142158271AE4FA170068557B /* simd.h */,
				142158281AE4FA170068557B /* simd_float.h */,
				142158291AE4FA170068557B /* simd_sse.h */,
				1421582A1AE4FA170068557B /* simd_ve.h */,
				1421582B1AE4FA170068557B /* singlecolourfit.cpp */,
				1421582C1AE4FA170068557B /* singlecolourfit.h */,
				1421582D1AE4FA170068557B /* singlecolourlookup.inl */,
				1421582E1AE4FA170068557B /* squish.cpp */,
				1421582F1AE4FA170068557B /* squish.h */,
			);
			name = squish;
			path = ../../OpenGL/squish;
			sourceTree = "<group>";
		};
		143619731AE39B1400D82AC8 /* Shaders */ = {
			isa = PBXGroup;
			children = (
				143619711AE39B0200D82AC8 /* shader.h */,
				143619701AE39B0200D82AC8 /* shader.cpp */,
				143619761AE39B2100D82AC8 /* senv.h */,
				143619741AE39B1D00D82AC8 /* senv.cpp */,
			);
			name = Shaders;
			sourceTree = "<group>";
		};
		14ADF3A11AE32F9000818134 = {
			isa = PBXGroup;
			children = (
				1436196E1AE3982200D82AC8 /* GLUT.framework */,
				14ADF3F51AE3367000818134 /* OpenGL.framework */,
				14ADF3AC1AE32F9000818134 /* Electron */,
				14ADF3C61AE32F9000818134 /* ElectronTests */,
				14ADF3AB1AE32F9000818134 /* Products */,
			);
			sourceTree = "<group>";
		};
		14ADF3AB1AE32F9000818134 /* Products */ = {
			isa = PBXGroup;
			children = (
				14ADF3AA1AE32F9000818134 /* Electron.app */,
				14ADF3C31AE32F9000818134 /* ElectronTests.xctest */,
			);
			name = Products;
			sourceTree = "<group>";
		};
		14ADF3AC1AE32F9000818134 /* Electron */ = {
			isa = PBXGroup;
			children = (
				142158171AE4FA170068557B /* squish */,
				14ADF3EB1AE330E100818134 /* Render */,
				14ADF3F91AE3371D00818134 /* OpenGL */,
				14ADF3D31AE32FAE00818134 /* Proton */,
				14ADF3AF1AE32F9000818134 /* AppDelegate.h */,
				14ADF3B01AE32F9000818134 /* AppDelegate.mm */,
				14ADF3B41AE32F9000818134 /* Document.h */,
				14ADF3B51AE32F9000818134 /* Document.m */,
				14ADF3B71AE32F9000818134 /* Document.xib */,
				14ADF3BA1AE32F9000818134 /* Images.xcassets */,
				14ADF3BC1AE32F9000818134 /* MainMenu.xib */,
				14ADF3AD1AE32F9000818134 /* Supporting Files */,
			);
			path = Electron;
			sourceTree = "<group>";
		};
		14ADF3AD1AE32F9000818134 /* Supporting Files */ = {
			isa = PBXGroup;
			children = (
				14ADF3AE1AE32F9000818134 /* Info.plist */,
				14ADF3B21AE32F9000818134 /* main.m */,
			);
			name = "Supporting Files";
			sourceTree = "<group>";
		};
		14ADF3C61AE32F9000818134 /* ElectronTests */ = {
			isa = PBXGroup;
			children = (
				14ADF3C91AE32F9100818134 /* ElectronTests.m */,
				14ADF3C71AE32F9100818134 /* Supporting Files */,
			);
			path = ElectronTests;
			sourceTree = "<group>";
		};
		14ADF3C71AE32F9100818134 /* Supporting Files */ = {
			isa = PBXGroup;
			children = (
				14ADF3C81AE32F9100818134 /* Info.plist */,
			);
			name = "Supporting Files";
			sourceTree = "<group>";
		};
		14ADF3D31AE32FAE00818134 /* Proton */ = {
			isa = PBXGroup;
			children = (
				14ADF3E61AE32FCF00818134 /* BitmSndMap.h */,
				14ADF3E31AE32FC700818134 /* HaloData.cpp */,
				14ADF3E41AE32FC700818134 /* HaloData.h */,
				14ADF3D41AE32FC200818134 /* ProtonCacheFile.cpp */,
				14ADF3D51AE32FC200818134 /* ProtonCacheFile.h */,
				14ADF3D61AE32FC200818134 /* ProtonMap.cpp */,
				14ADF3D71AE32FC200818134 /* ProtonMap.h */,
				14ADF3D81AE32FC200818134 /* ProtonTag.cpp */,
				14ADF3D91AE32FC200818134 /* ProtonTag.h */,
				14ADF3DA1AE32FC200818134 /* ProtonTagArray.cpp */,
				14ADF3DB1AE32FC200818134 /* ProtonTagArray.h */,
				14ADF3DC1AE32FC200818134 /* ProtonTagDependency.cpp */,
				14ADF3DD1AE32FC200818134 /* ProtonTagDependency.h */,
			);
			name = Proton;
			sourceTree = "<group>";
		};
		14ADF3EB1AE330E100818134 /* Render */ = {
			isa = PBXGroup;
			children = (
				14ADF3EE1AE3312D00818134 /* ERenderView.h */,
				14ADF3EF1AE3312D00818134 /* ERenderView.mm */,
			);
			name = Render;
			sourceTree = "<group>";
		};
		14ADF3F91AE3371D00818134 /* OpenGL */ = {
			isa = PBXGroup;
			children = (
				143619771AE39B3C00D82AC8 /* defines.h */,
				1421583B1AE5022B0068557B /* bitmaps.h */,
				1421583A1AE5022A0068557B /* bitmaps.cpp */,
				147F67131AE34EF700380099 /* render.h */,
				14ADF3F71AE3370700818134 /* render.cpp */,
				143A57B91AE39C790024C523 /* camera.h */,
				143A57B81AE39C790024C523 /* camera.cpp */,
				143A57BC1AE39CE80024C523 /* vector3d.h */,
				143A57BB1AE39CE80024C523 /* vector3d.cpp */,
				142158141AE4E4AA0068557B /* texture.h */,
				142158131AE4E4AA0068557B /* texture.cpp */,
				142158161AE4E4B30068557B /* Renderables */,
				143619731AE39B1400D82AC8 /* Shaders */,
			);
			name = OpenGL;
			sourceTree = "<group>";
		};
/* End PBXGroup section */

/* Begin PBXNativeTarget section */
		14ADF3A91AE32F9000818134 /* Electron */ = {
			isa = PBXNativeTarget;
			buildConfigurationList = 14ADF3CD1AE32F9100818134 /* Build configuration list for PBXNativeTarget "Electron" */;
			buildPhases = (
				14ADF3A61AE32F9000818134 /* Sources */,
				14ADF3A71AE32F9000818134 /* Frameworks */,
				14ADF3A81AE32F9000818134 /* Resources */,
			);
			buildRules = (
			);
			dependencies = (
			);
			name = Electron;
			productName = Electron;
			productReference = 14ADF3AA1AE32F9000818134 /* Electron.app */;
			productType = "com.apple.product-type.application";
		};
		14ADF3C21AE32F9000818134 /* ElectronTests */ = {
			isa = PBXNativeTarget;
			buildConfigurationList = 14ADF3D01AE32F9100818134 /* Build configuration list for PBXNativeTarget "ElectronTests" */;
			buildPhases = (
				14ADF3BF1AE32F9000818134 /* Sources */,
				14ADF3C01AE32F9000818134 /* Frameworks */,
				14ADF3C11AE32F9000818134 /* Resources */,
			);
			buildRules = (
			);
			dependencies = (
				14ADF3C51AE32F9000818134 /* PBXTargetDependency */,
			);
			name = ElectronTests;
			productName = ElectronTests;
			productReference = 14ADF3C31AE32F9000818134 /* ElectronTests.xctest */;
			productType = "com.apple.product-type.bundle.unit-test";
		};
/* End PBXNativeTarget section */

/* Begin PBXProject section */
		14ADF3A21AE32F9000818134 /* Project object */ = {
			isa = PBXProject;
			attributes = {
				LastUpgradeCheck = 0630;
				ORGANIZATIONNAME = Samuco;
				TargetAttributes = {
					14ADF3A91AE32F9000818134 = {
						CreatedOnToolsVersion = 6.3;
					};
					14ADF3C21AE32F9000818134 = {
						CreatedOnToolsVersion = 6.3;
						TestTargetID = 14ADF3A91AE32F9000818134;
					};
				};
			};
			buildConfigurationList = 14ADF3A51AE32F9000818134 /* Build configuration list for PBXProject "Electron" */;
			compatibilityVersion = "Xcode 3.2";
			developmentRegion = English;
			hasScannedForEncodings = 0;
			knownRegions = (
				en,
				Base,
			);
			mainGroup = 14ADF3A11AE32F9000818134;
			productRefGroup = 14ADF3AB1AE32F9000818134 /* Products */;
			projectDirPath = "";
			projectRoot = "";
			targets = (
				14ADF3A91AE32F9000818134 /* Electron */,
				14ADF3C21AE32F9000818134 /* ElectronTests */,
			);
		};
/* End PBXProject section */

/* Begin PBXResourcesBuildPhase section */
		14ADF3A81AE32F9000818134 /* Resources */ = {
			isa = PBXResourcesBuildPhase;
			buildActionMask = 2147483647;
			files = (
				14ADF3B91AE32F9000818134 /* Document.xib in Resources */,
				14ADF3BB1AE32F9000818134 /* Images.xcassets in Resources */,
				14ADF3BE1AE32F9000818134 /* MainMenu.xib in Resources */,
				142158381AE4FA170068557B /* singlecolourlookup.inl in Resources */,
			);
			runOnlyForDeploymentPostprocessing = 0;
		};
		14ADF3C11AE32F9000818134 /* Resources */ = {
			isa = PBXResourcesBuildPhase;
			buildActionMask = 2147483647;
			files = (
			);
			runOnlyForDeploymentPostprocessing = 0;
		};
/* End PBXResourcesBuildPhase section */

/* Begin PBXSourcesBuildPhase section */
		14ADF3A61AE32F9000818134 /* Sources */ = {
			isa = PBXSourcesBuildPhase;
			buildActionMask = 2147483647;
			files = (
				143A57BA1AE39C790024C523 /* camera.cpp in Sources */,
				14CAB2131AE35FD30093603A /* HaloData.cpp in Sources */,
				142158331AE4FA170068557B /* colourfit.cpp in Sources */,
				142158301AE4FA170068557B /* alpha.cpp in Sources */,
				1421583C1AE5022B0068557B /* bitmaps.cpp in Sources */,
				14ADF3FA1AE3373200818134 /* render.cpp in Sources */,
				142158371AE4FA170068557B /* singlecolourfit.cpp in Sources */,
				14ADF3F01AE3312D00818134 /* ERenderView.mm in Sources */,
				14ADF3B61AE32F9000818134 /* Document.m in Sources */,
				142158391AE4FA170068557B /* squish.cpp in Sources */,
				14ADF3B31AE32F9000818134 /* main.m in Sources */,
				142158341AE4FA170068557B /* colourset.cpp in Sources */,
				14ADF3E11AE32FC200818134 /* ProtonTagArray.cpp in Sources */,
				143619721AE39B0200D82AC8 /* shader.cpp in Sources */,
				14ADF3DE1AE32FC200818134 /* ProtonCacheFile.cpp in Sources */,
				142158311AE4FA170068557B /* clusterfit.cpp in Sources */,
				142158361AE4FA170068557B /* rangefit.cpp in Sources */,
				142158351AE4FA170068557B /* maths.cpp in Sources */,
				143A57BD1AE39CE80024C523 /* vector3d.cpp in Sources */,
				143619751AE39B1D00D82AC8 /* senv.cpp in Sources */,
				14ADF3B11AE32F9000818134 /* AppDelegate.mm in Sources */,
				14ADF3E21AE32FC200818134 /* ProtonTagDependency.cpp in Sources */,
				142158321AE4FA170068557B /* colourblock.cpp in Sources */,
				142158151AE4E4AA0068557B /* texture.cpp in Sources */,
				143A57C01AE39F0B0024C523 /* bsp.cpp in Sources */,
				14ADF3E01AE32FC200818134 /* ProtonTag.cpp in Sources */,
				14ADF3DF1AE32FC200818134 /* ProtonMap.cpp in Sources */,
			);
			runOnlyForDeploymentPostprocessing = 0;
		};
		14ADF3BF1AE32F9000818134 /* Sources */ = {
			isa = PBXSourcesBuildPhase;
			buildActionMask = 2147483647;
			files = (
				14ADF3CA1AE32F9100818134 /* ElectronTests.m in Sources */,
			);
			runOnlyForDeploymentPostprocessing = 0;
		};
/* End PBXSourcesBuildPhase section */

/* Begin PBXTargetDependency section */
		14ADF3C51AE32F9000818134 /* PBXTargetDependency */ = {
			isa = PBXTargetDependency;
			target = 14ADF3A91AE32F9000818134 /* Electron */;
			targetProxy = 14ADF3C41AE32F9000818134 /* PBXContainerItemProxy */;
		};
/* End PBXTargetDependency section */

/* Begin PBXVariantGroup section */
		14ADF3B71AE32F9000818134 /* Document.xib */ = {
			isa = PBXVariantGroup;
			children = (
				14ADF3B81AE32F9000818134 /* Base */,
			);
			name = Document.xib;
			sourceTree = "<group>";
		};
		14ADF3BC1AE32F9000818134 /* MainMenu.xib */ = {
			isa = PBXVariantGroup;
			children = (
				14ADF3BD1AE32F9000818134 /* Base */,
			);
			name = MainMenu.xib;
			sourceTree = "<group>";
		};
/* End PBXVariantGroup section */

/* Begin XCBuildConfiguration section */
		14ADF3CB1AE32F9100818134 /* Debug */ = {
			isa = XCBuildConfiguration;
			buildSettings = {
				ALWAYS_SEARCH_USER_PATHS = NO;
				CLANG_CXX_LANGUAGE_STANDARD = "gnu++0x";
				CLANG_CXX_LIBRARY = "libc++";
				CLANG_ENABLE_MODULES = YES;
				CLANG_ENABLE_OBJC_ARC = YES;
				CLANG_WARN_BOOL_CONVERSION = YES;
				CLANG_WARN_CONSTANT_CONVERSION = YES;
				CLANG_WARN_DIRECT_OBJC_ISA_USAGE = YES_ERROR;
				CLANG_WARN_EMPTY_BODY = YES;
				CLANG_WARN_ENUM_CONVERSION = YES;
				CLANG_WARN_INT_CONVERSION = YES;
				CLANG_WARN_OBJC_ROOT_CLASS = YES_ERROR;
				CLANG_WARN_UNREACHABLE_CODE = YES;
				CLANG_WARN__DUPLICATE_METHOD_MATCH = YES;
				CODE_SIGN_IDENTITY = "-";
				COPY_PHASE_STRIP = NO;
				DEBUG_INFORMATION_FORMAT = dwarf;
				ENABLE_STRICT_OBJC_MSGSEND = YES;
				GCC_C_LANGUAGE_STANDARD = gnu99;
				GCC_DYNAMIC_NO_PIC = NO;
				GCC_NO_COMMON_BLOCKS = YES;
				GCC_OPTIMIZATION_LEVEL = 0;
				GCC_PREPROCESSOR_DEFINITIONS = (
					"DEBUG=1",
					"$(inherited)",
				);
				GCC_SYMBOLS_PRIVATE_EXTERN = NO;
				GCC_WARN_64_TO_32_BIT_CONVERSION = YES;
				GCC_WARN_ABOUT_RETURN_TYPE = YES_ERROR;
				GCC_WARN_UNDECLARED_SELECTOR = YES;
				GCC_WARN_UNINITIALIZED_AUTOS = YES_AGGRESSIVE;
				GCC_WARN_UNUSED_FUNCTION = YES;
				GCC_WARN_UNUSED_VARIABLE = YES;
				MACOSX_DEPLOYMENT_TARGET = 10.10;
				MTL_ENABLE_DEBUG_INFO = YES;
				ONLY_ACTIVE_ARCH = YES;
				SDKROOT = macosx;
			};
			name = Debug;
		};
		14ADF3CC1AE32F9100818134 /* Release */ = {
			isa = XCBuildConfiguration;
			buildSettings = {
				ALWAYS_SEARCH_USER_PATHS = NO;
				CLANG_CXX_LANGUAGE_STANDARD = "gnu++0x";
				CLANG_CXX_LIBRARY = "libc++";
				CLANG_ENABLE_MODULES = YES;
				CLANG_ENABLE_OBJC_ARC = YES;
				CLANG_WARN_BOOL_CONVERSION = YES;
				CLANG_WARN_CONSTANT_CONVERSION = YES;
				CLANG_WARN_DIRECT_OBJC_ISA_USAGE = YES_ERROR;
				CLANG_WARN_EMPTY_BODY = YES;
				CLANG_WARN_ENUM_CONVERSION = YES;
				CLANG_WARN_INT_CONVERSION = YES;
				CLANG_WARN_OBJC_ROOT_CLASS = YES_ERROR;
				CLANG_WARN_UNREACHABLE_CODE = YES;
				CLANG_WARN__DUPLICATE_METHOD_MATCH = YES;
				CODE_SIGN_IDENTITY = "-";
				COPY_PHASE_STRIP = NO;
				DEBUG_INFORMATION_FORMAT = "dwarf-with-dsym";
				ENABLE_NS_ASSERTIONS = NO;
				ENABLE_STRICT_OBJC_MSGSEND = YES;
				GCC_C_LANGUAGE_STANDARD = gnu99;
				GCC_NO_COMMON_BLOCKS = YES;
				GCC_WARN_64_TO_32_BIT_CONVERSION = YES;
				GCC_WARN_ABOUT_RETURN_TYPE = YES_ERROR;
				GCC_WARN_UNDECLARED_SELECTOR = YES;
				GCC_WARN_UNINITIALIZED_AUTOS = YES_AGGRESSIVE;
				GCC_WARN_UNUSED_FUNCTION = YES;
				GCC_WARN_UNUSED_VARIABLE = YES;
				MACOSX_DEPLOYMENT_TARGET = 10.10;
				MTL_ENABLE_DEBUG_INFO = NO;
				SDKROOT = macosx;
			};
			name = Release;
		};
		14ADF3CE1AE32F9100818134 /* Debug */ = {
			isa = XCBuildConfiguration;
			buildSettings = {
				ASSETCATALOG_COMPILER_APPICON_NAME = AppIcon;
				CLANG_ENABLE_OBJC_ARC = YES;
				COMBINE_HIDPI_IMAGES = YES;
				INFOPLIST_FILE = Electron/Info.plist;
				LD_RUNPATH_SEARCH_PATHS = "$(inherited) @executable_path/../Frameworks";
				PRODUCT_NAME = "$(TARGET_NAME)";
			};
			name = Debug;
		};
		14ADF3CF1AE32F9100818134 /* Release */ = {
			isa = XCBuildConfiguration;
			buildSettings = {
				ASSETCATALOG_COMPILER_APPICON_NAME = AppIcon;
				CLANG_ENABLE_OBJC_ARC = YES;
				COMBINE_HIDPI_IMAGES = YES;
				INFOPLIST_FILE = Electron/Info.plist;
				LD_RUNPATH_SEARCH_PATHS = "$(inherited) @executable_path/../Frameworks";
				PRODUCT_NAME = "$(TARGET_NAME)";
			};
			name = Release;
		};
		14ADF3D11AE32F9100818134 /* Debug */ = {
			isa = XCBuildConfiguration;
			buildSettings = {
				BUNDLE_LOADER = "$(TEST_HOST)";
				COMBINE_HIDPI_IMAGES = YES;
				FRAMEWORK_SEARCH_PATHS = (
					"$(DEVELOPER_FRAMEWORKS_DIR)",
					"$(inherited)",
				);
				GCC_PREPROCESSOR_DEFINITIONS = (
					"DEBUG=1",
					"$(inherited)",
				);
				INFOPLIST_FILE = ElectronTests/Info.plist;
				LD_RUNPATH_SEARCH_PATHS = "$(inherited) @executable_path/../Frameworks @loader_path/../Frameworks";
				PRODUCT_NAME = "$(TARGET_NAME)";
				TEST_HOST = "$(BUILT_PRODUCTS_DIR)/Electron.app/Contents/MacOS/Electron";
			};
			name = Debug;
		};
		14ADF3D21AE32F9100818134 /* Release */ = {
			isa = XCBuildConfiguration;
			buildSettings = {
				BUNDLE_LOADER = "$(TEST_HOST)";
				COMBINE_HIDPI_IMAGES = YES;
				FRAMEWORK_SEARCH_PATHS = (
					"$(DEVELOPER_FRAMEWORKS_DIR)",
					"$(inherited)",
				);
				INFOPLIST_FILE = ElectronTests/Info.plist;
				LD_RUNPATH_SEARCH_PATHS = "$(inherited) @executable_path/../Frameworks @loader_path/../Frameworks";
				PRODUCT_NAME = "$(TARGET_NAME)";
				TEST_HOST = "$(BUILT_PRODUCTS_DIR)/Electron.app/Contents/MacOS/Electron";
			};
			name = Release;
		};
/* End XCBuildConfiguration section */

/* Begin XCConfigurationList section */
		14ADF3A51AE32F9000818134 /* Build configuration list for PBXProject "Electron" */ = {
			isa = XCConfigurationList;
			buildConfigurations = (
				14ADF3CB1AE32F9100818134 /* Debug */,
				14ADF3CC1AE32F9100818134 /* Release */,
			);
			defaultConfigurationIsVisible = 0;
			defaultConfigurationName = Release;
		};
		14ADF3CD1AE32F9100818134 /* Build configuration list for PBXNativeTarget "Electron" */ = {
			isa = XCConfigurationList;
			buildConfigurations = (
				14ADF3CE1AE32F9100818134 /* Debug */,
				14ADF3CF1AE32F9100818134 /* Release */,
			);
			defaultConfigurationIsVisible = 0;
			defaultConfigurationName = Release;
		};
		14ADF3D01AE32F9100818134 /* Build configuration list for PBXNativeTarget "ElectronTests" */ = {
			isa = XCConfigurationList;
			buildConfigurations = (
				14ADF3D11AE32F9100818134 /* Debug */,
				14ADF3D21AE32F9100818134 /* Release */,
			);
			defaultConfigurationIsVisible = 0;
			defaultConfigurationName = Release;
		};
/* End XCConfigurationList section */
	};
	rootObject = 14ADF3A21AE32F9000818134 /* Project object */;
}
